Microsoft Visual Studio Solution File, Format Version 12.00
# Visual Studio 15
VisualStudioVersion = 15.0.27130.2010
MinimumVisualStudioVersion = 10.0.40219.1
Project("{8BC9CEB8-8B4A-11D0-8D11-00A0C91BC942}") = "DarkSpace", "DarkSpace\DarkSpace.vcxproj", "{04D9C4B4-B762-4074-A2F7-E5FA29E55C01}"
EndProject
Project("{8BC9CEB8-8B4A-11D0-8D11-00A0C91BC942}") = "Medusa", "..\medusa\Medusa\Medusa.vcxproj", "{93AD8E65-FB3A-414D-BA0B-6E8FFDDB6CAB}"
EndProject
Project("{8BC9CEB8-8B4A-11D0-8D11-00A0C91BC942}") = "Network", "..\medusa\Network\Network.vcxproj", "{1E5779FC-265E-4331-AAAD-79AAFD688DA4}"
EndProject
Project("{8BC9CEB8-8B4A-11D0-8D11-00A0C91BC942}") = "World", "..\medusa\World\World.vcxproj", "{74EF8552-8C85-4859-B8F0-5F056C17D3A5}"
EndProject
Project("{8BC9CEB8-8B4A-11D0-8D11-00A0C91BC942}") = "Render3D", "..\medusa\Render3D\Render3D.vcxproj", "{18B80ECB-53AE-47E1-AF11-0C994CAC2C1D}"
EndProject
Project("{8BC9CEB8-8B4A-11D0-8D11-00A0C91BC942}") = "GCQ", "..\medusa\GCQ\GCQ.vcxproj", "{6276A121-5951-40D4-B2ED-0325573E8055}"
EndProject
Project("{8BC9CEB8-8B4A-11D0-8D11-00A0C91BC942}") = "DarkSpaceServer", "DarkSpaceServer\DarkSpaceServer.vcxproj", "{9292B101-0B53-408A-9FDD-16A4AD82EB64}"
EndProject
Project("{8BC9CEB8-8B4A-11D0-8D11-00A0C91BC942}") = "Gadgets", "Gadgets\Gadgets.vcxproj", "{34CE6C9A-C82E-42D0-9801-880587FE5A01}"
EndProject
Project("{2150E333-8FDC-42A3-9474-1A3956D46DE8}") = "MedusaEngine", "MedusaEngine", "{9C8325A9-1DBF-42E1-A424-33D7F37E621E}"
EndProject
Project("{8BC9CEB8-8B4A-11D0-8D11-00A0C91BC942}") = "LuaLib", "..\medusa\ThirdParty\LuaJIT\src\LuaLib.vcxproj", "{94699964-B94E-4623-B51A-A2071F6C15DC}"
EndProject
Project("{8BC9CEB8-8B4A-11D0-8D11-00A0C91BC942}") = "GUI3D", "..\medusa\Gui3d\Gui3d.vcxproj", "{CD91E4F5-1AFF-476D-94BE-C9770ACFAF98}"
EndProject
Global
	GlobalSection(SolutionConfigurationPlatforms) = preSolution
		Debug|Win32 = Debug|Win32
		DebugLinux|Win32 = DebugLinux|Win32
		Release|Win32 = Release|Win32
		ReleaseLinux|Win32 = ReleaseLinux|Win32
	EndGlobalSection
	GlobalSection(ProjectConfigurationPlatforms) = postSolution
		{04D9C4B4-B762-4074-A2F7-E5FA29E55C01}.Debug|Win32.ActiveCfg = Debug|Win32
		{04D9C4B4-B762-4074-A2F7-E5FA29E55C01}.Debug|Win32.Build.0 = Debug|Win32
		{04D9C4B4-B762-4074-A2F7-E5FA29E55C01}.DebugLinux|Win32.ActiveCfg = DebugLinux|Win32
		{04D9C4B4-B762-4074-A2F7-E5FA29E55C01}.DebugLinux|Win32.Build.0 = DebugLinux|Win32
		{04D9C4B4-B762-4074-A2F7-E5FA29E55C01}.Release|Win32.ActiveCfg = Release|Win32
		{04D9C4B4-B762-4074-A2F7-E5FA29E55C01}.Release|Win32.Build.0 = Release|Win32
		{04D9C4B4-B762-4074-A2F7-E5FA29E55C01}.ReleaseLinux|Win32.ActiveCfg = ReleaseLinux|Win32
		{04D9C4B4-B762-4074-A2F7-E5FA29E55C01}.ReleaseLinux|Win32.Build.0 = ReleaseLinux|Win32
		{93AD8E65-FB3A-414D-BA0B-6E8FFDDB6CAB}.Debug|Win32.ActiveCfg = Debug|Win32
		{93AD8E65-FB3A-414D-BA0B-6E8FFDDB6CAB}.Debug|Win32.Build.0 = Debug|Win32
		{93AD8E65-FB3A-414D-BA0B-6E8FFDDB6CAB}.DebugLinux|Win32.ActiveCfg = DebugLinux|Win32
		{93AD8E65-FB3A-414D-BA0B-6E8FFDDB6CAB}.DebugLinux|Win32.Build.0 = DebugLinux|Win32
		{93AD8E65-FB3A-414D-BA0B-6E8FFDDB6CAB}.Release|Win32.ActiveCfg = Release|Win32
		{93AD8E65-FB3A-414D-BA0B-6E8FFDDB6CAB}.Release|Win32.Build.0 = Release|Win32
		{93AD8E65-FB3A-414D-BA0B-6E8FFDDB6CAB}.ReleaseLinux|Win32.ActiveCfg = ReleaseLinux|Win32
		{93AD8E65-FB3A-414D-BA0B-6E8FFDDB6CAB}.ReleaseLinux|Win32.Build.0 = ReleaseLinux|Win32
		{1E5779FC-265E-4331-AAAD-79AAFD688DA4}.Debug|Win32.ActiveCfg = Debug|Win32
		{1E5779FC-265E-4331-AAAD-79AAFD688DA4}.Debug|Win32.Build.0 = Debug|Win32
		{1E5779FC-265E-4331-AAAD-79AAFD688DA4}.DebugLinux|Win32.ActiveCfg = DebugLinux|Win32
		{1E5779FC-265E-4331-AAAD-79AAFD688DA4}.DebugLinux|Win32.Build.0 = DebugLinux|Win32
		{1E5779FC-265E-4331-AAAD-79AAFD688DA4}.Release|Win32.ActiveCfg = Release|Win32
		{1E5779FC-265E-4331-AAAD-79AAFD688DA4}.Release|Win32.Build.0 = Release|Win32
		{1E5779FC-265E-4331-AAAD-79AAFD688DA4}.ReleaseLinux|Win32.ActiveCfg = ReleaseLinux|Win32
		{1E5779FC-265E-4331-AAAD-79AAFD688DA4}.ReleaseLinux|Win32.Build.0 = ReleaseLinux|Win32
		{74EF8552-8C85-4859-B8F0-5F056C17D3A5}.Debug|Win32.ActiveCfg = Debug|Win32
		{74EF8552-8C85-4859-B8F0-5F056C17D3A5}.Debug|Win32.Build.0 = Debug|Win32
		{74EF8552-8C85-4859-B8F0-5F056C17D3A5}.DebugLinux|Win32.ActiveCfg = DebugLinux|Win32
		{74EF8552-8C85-4859-B8F0-5F056C17D3A5}.DebugLinux|Win32.Build.0 = DebugLinux|Win32
		{74EF8552-8C85-4859-B8F0-5F056C17D3A5}.Release|Win32.ActiveCfg = Release|Win32
		{74EF8552-8C85-4859-B8F0-5F056C17D3A5}.Release|Win32.Build.0 = Release|Win32
		{74EF8552-8C85-4859-B8F0-5F056C17D3A5}.ReleaseLinux|Win32.ActiveCfg = ReleaseLinux|Win32
		{74EF8552-8C85-4859-B8F0-5F056C17D3A5}.ReleaseLinux|Win32.Build.0 = ReleaseLinux|Win32
		{18B80ECB-53AE-47E1-AF11-0C994CAC2C1D}.Debug|Win32.ActiveCfg = Debug|Win32
		{18B80ECB-53AE-47E1-AF11-0C994CAC2C1D}.Debug|Win32.Build.0 = Debug|Win32
		{18B80ECB-53AE-47E1-AF11-0C994CAC2C1D}.DebugLinux|Win32.ActiveCfg = DebugLinux|Win32
		{18B80ECB-53AE-47E1-AF11-0C994CAC2C1D}.DebugLinux|Win32.Build.0 = DebugLinux|Win32
		{18B80ECB-53AE-47E1-AF11-0C994CAC2C1D}.Release|Win32.ActiveCfg = Release|Win32
		{18B80ECB-53AE-47E1-AF11-0C994CAC2C1D}.Release|Win32.Build.0 = Release|Win32
		{18B80ECB-53AE-47E1-AF11-0C994CAC2C1D}.ReleaseLinux|Win32.ActiveCfg = ReleaseLinux|Win32
		{18B80ECB-53AE-47E1-AF11-0C994CAC2C1D}.ReleaseLinux|Win32.Build.0 = ReleaseLinux|Win32
		{6276A121-5951-40D4-B2ED-0325573E8055}.Debug|Win32.ActiveCfg = Debug|Win32
		{6276A121-5951-40D4-B2ED-0325573E8055}.Debug|Win32.Build.0 = Debug|Win32
		{6276A121-5951-40D4-B2ED-0325573E8055}.DebugLinux|Win32.ActiveCfg = DebugLinux|Win32
		{6276A121-5951-40D4-B2ED-0325573E8055}.DebugLinux|Win32.Build.0 = DebugLinux|Win32
		{6276A121-5951-40D4-B2ED-0325573E8055}.Release|Win32.ActiveCfg = Release|Win32
		{6276A121-5951-40D4-B2ED-0325573E8055}.Release|Win32.Build.0 = Release|Win32
		{6276A121-5951-40D4-B2ED-0325573E8055}.ReleaseLinux|Win32.ActiveCfg = ReleaseLinux|Win32
		{6276A121-5951-40D4-B2ED-0325573E8055}.ReleaseLinux|Win32.Build.0 = ReleaseLinux|Win32
		{9292B101-0B53-408A-9FDD-16A4AD82EB64}.Debug|Win32.ActiveCfg = Debug|Win32
		{9292B101-0B53-408A-9FDD-16A4AD82EB64}.Debug|Win32.Build.0 = Debug|Win32
		{9292B101-0B53-408A-9FDD-16A4AD82EB64}.DebugLinux|Win32.ActiveCfg = DebugLinux|Win32
		{9292B101-0B53-408A-9FDD-16A4AD82EB64}.DebugLinux|Win32.Build.0 = DebugLinux|Win32
		{9292B101-0B53-408A-9FDD-16A4AD82EB64}.Release|Win32.ActiveCfg = Release|Win32
		{9292B101-0B53-408A-9FDD-16A4AD82EB64}.Release|Win32.Build.0 = Release|Win32
		{9292B101-0B53-408A-9FDD-16A4AD82EB64}.ReleaseLinux|Win32.ActiveCfg = ReleaseLinux|Win32
		{9292B101-0B53-408A-9FDD-16A4AD82EB64}.ReleaseLinux|Win32.Build.0 = ReleaseLinux|Win32
		{34CE6C9A-C82E-42D0-9801-880587FE5A01}.Debug|Win32.ActiveCfg = Debug|Win32
		{34CE6C9A-C82E-42D0-9801-880587FE5A01}.Debug|Win32.Build.0 = Debug|Win32
		{34CE6C9A-C82E-42D0-9801-880587FE5A01}.DebugLinux|Win32.ActiveCfg = DebugLinux|Win32
		{34CE6C9A-C82E-42D0-9801-880587FE5A01}.DebugLinux|Win32.Build.0 = DebugLinux|Win32
		{34CE6C9A-C82E-42D0-9801-880587FE5A01}.Release|Win32.ActiveCfg = Release|Win32
		{34CE6C9A-C82E-42D0-9801-880587FE5A01}.Release|Win32.Build.0 = Release|Win32
		{34CE6C9A-C82E-42D0-9801-880587FE5A01}.ReleaseLinux|Win32.ActiveCfg = ReleaseLinux|Win32
		{34CE6C9A-C82E-42D0-9801-880587FE5A01}.ReleaseLinux|Win32.Build.0 = ReleaseLinux|Win32
		{94699964-B94E-4623-B51A-A2071F6C15DC}.Debug|Win32.ActiveCfg = Debug|Win32
		{94699964-B94E-4623-B51A-A2071F6C15DC}.Debug|Win32.Build.0 = Debug|Win32
		{94699964-B94E-4623-B51A-A2071F6C15DC}.DebugLinux|Win32.ActiveCfg = Debug|Win32
		{94699964-B94E-4623-B51A-A2071F6C15DC}.DebugLinux|Win32.Build.0 = Debug|Win32
		{94699964-B94E-4623-B51A-A2071F6C15DC}.Release|Win32.ActiveCfg = Release|Win32
		{94699964-B94E-4623-B51A-A2071F6C15DC}.Release|Win32.Build.0 = Release|Win32
		{94699964-B94E-4623-B51A-A2071F6C15DC}.ReleaseLinux|Win32.ActiveCfg = Release|Win32
		{94699964-B94E-4623-B51A-A2071F6C15DC}.ReleaseLinux|Win32.Build.0 = Release|Win32
		{CD91E4F5-1AFF-476D-94BE-C9770ACFAF98}.Debug|Win32.ActiveCfg = Debug|Win32
		{CD91E4F5-1AFF-476D-94BE-C9770ACFAF98}.Debug|Win32.Build.0 = Debug|Win32
		{CD91E4F5-1AFF-476D-94BE-C9770ACFAF98}.DebugLinux|Win32.ActiveCfg = Debug|Win32
		{CD91E4F5-1AFF-476D-94BE-C9770ACFAF98}.DebugLinux|Win32.Build.0 = Debug|Win32
		{CD91E4F5-1AFF-476D-94BE-C9770ACFAF98}.Release|Win32.ActiveCfg = Release|Win32
		{CD91E4F5-1AFF-476D-94BE-C9770ACFAF98}.Release|Win32.Build.0 = Release|Win32
		{CD91E4F5-1AFF-476D-94BE-C9770ACFAF98}.ReleaseLinux|Win32.ActiveCfg = Release|Win32
		{CD91E4F5-1AFF-476D-94BE-C9770ACFAF98}.ReleaseLinux|Win32.Build.0 = Release|Win32
	EndGlobalSection
	GlobalSection(SolutionProperties) = preSolution
		HideSolutionNode = FALSE
	EndGlobalSection
	GlobalSection(NestedProjects) = preSolution
		{93AD8E65-FB3A-414D-BA0B-6E8FFDDB6CAB} = {9C8325A9-1DBF-42E1-A424-33D7F37E621E}
		{1E5779FC-265E-4331-AAAD-79AAFD688DA4} = {9C8325A9-1DBF-42E1-A424-33D7F37E621E}
		{74EF8552-8C85-4859-B8F0-5F056C17D3A5} = {9C8325A9-1DBF-42E1-A424-33D7F37E621E}
		{18B80ECB-53AE-47E1-AF11-0C994CAC2C1D} = {9C8325A9-1DBF-42E1-A424-33D7F37E621E}
		{6276A121-5951-40D4-B2ED-0325573E8055} = {9C8325A9-1DBF-42E1-A424-33D7F37E621E}
		{94699964-B94E-4623-B51A-A2071F6C15DC} = {9C8325A9-1DBF-42E1-A424-33D7F37E621E}
	EndGlobalSection
	GlobalSection(ExtensibilityGlobals) = postSolution
		SolutionGuid = {7928474A-1320-4BFE-8E60-64E153239702}
	EndGlobalSection
EndGlobal
