<?xml version="1.0" encoding="utf-8"?>
<Project ToolsVersion="4.0" xmlns="http://schemas.microsoft.com/developer/msbuild/2003">
  <ItemGroup>
    <Filter Include="Source Files">
      <UniqueIdentifier>{c4098134-982e-4a86-97bf-8da503453c9f}</UniqueIdentifier>
      <Extensions>cpp;c;cxx;rc;def;r;odl;idl;hpj;bat</Extensions>
    </Filter>
    <Filter Include="Header Files">
      <UniqueIdentifier>{b276d04e-32f7-421f-85dc-8b866f93dac2}</UniqueIdentifier>
      <Extensions>h;hpp;hxx;hm;inl</Extensions>
    </Filter>
    <Filter Include="Resource Files">
      <UniqueIdentifier>{c63ec38f-7f36-4938-9421-79bb2536d0bd}</UniqueIdentifier>
      <Extensions>ico;cur;bmp;dlg;rc2;rct;bin;rgs;gif;jpg;jpeg;jpe</Extensions>
    </Filter>
  </ItemGroup>
  <ItemGroup>
    <ClCompile Include="Gadgets.cpp">
      <Filter>Source Files</Filter>
    </ClCompile>
    <ClCompile Include="Ships.cpp">
      <Filter>Source Files</Filter>
    </ClCompile>
    <ClCompile Include="Weapons.cpp">
      <Filter>Source Files</Filter>
    </ClCompile>
  </ItemGroup>
  <ItemGroup>
    <ClInclude Include="Armor10000.h">
      <Filter>Header Files</Filter>
    </ClInclude>
    <ClInclude Include="Armor5000.h">
      <Filter>Header Files</Filter>
    </ClInclude>
    <ClInclude Include="ArmorAblative.h">
      <Filter>Header Files</Filter>
    </ClInclude>
    <ClInclude Include="ArmorChitin.h">
      <Filter>Header Files</Filter>
    </ClInclude>
    <ClInclude Include="ArmorComposite.h">
      <Filter>Header Files</Filter>
    </ClInclude>
    <ClInclude Include="ArmorDusk.h">
      <Filter>Header Files</Filter>
    </ClInclude>
    <ClInclude Include="ArmorFighter.h">
      <Filter>Header Files</Filter>
    </ClInclude>
    <ClInclude Include="ArmorMolecular.h">
      <Filter>Header Files</Filter>
    </ClInclude>
    <ClInclude Include="ArmorOrganic.h">
      <Filter>Header Files</Filter>
    </ClInclude>
    <ClInclude Include="ArmorReflective.h">
      <Filter>Header Files</Filter>
    </ClInclude>
    <ClInclude Include="ArmorStandard.h">
      <Filter>Header Files</Filter>
    </ClInclude>
    <ClInclude Include="ArmorStealth.h">
      <Filter>Header Files</Filter>
    </ClInclude>
    <ClInclude Include="AutoRepair.h">
      <Filter>Header Files</Filter>
    </ClInclude>
    <ClInclude Include="Beacon100.h">
      <Filter>Header Files</Filter>
    </ClInclude>
    <ClInclude Include="Cloak100.h">
      <Filter>Header Files</Filter>
    </ClInclude>
    <ClInclude Include="DamageControl.h">
      <Filter>Header Files</Filter>
    </ClInclude>
    <ClInclude Include="DriveAFE.h">
      <Filter>Header Files</Filter>
    </ClInclude>
    <ClInclude Include="DriveAME.h">
      <Filter>Header Files</Filter>
    </ClInclude>
    <ClInclude Include="DriveHVAFE.h">
      <Filter>Header Files</Filter>
    </ClInclude>
    <ClInclude Include="DriveHVAME.h">
      <Filter>Header Files</Filter>
    </ClInclude>
    <ClInclude Include="DriveHVIE.h">
      <Filter>Header Files</Filter>
    </ClInclude>
    <ClInclude Include="DriveHVPFE.h">
      <Filter>Header Files</Filter>
    </ClInclude>
    <ClInclude Include="DriveHVPIE.h">
      <Filter>Header Files</Filter>
    </ClInclude>
    <ClInclude Include="DriveHVSE.h">
      <Filter>Header Files</Filter>
    </ClInclude>
    <ClInclude Include="DriveIE.h">
      <Filter>Header Files</Filter>
    </ClInclude>
    <ClInclude Include="DrivePFE.h">
      <Filter>Header Files</Filter>
    </ClInclude>
    <ClInclude Include="DrivePIE.h">
      <Filter>Header Files</Filter>
    </ClInclude>
    <ClInclude Include="DriveSE.h">
      <Filter>Header Files</Filter>
    </ClInclude>
    <ClInclude Include="DropPod.h">
      <Filter>Header Files</Filter>
    </ClInclude>
    <ClInclude Include="DropPodMI.h">
      <Filter>Header Files</Filter>
    </ClInclude>
    <ClInclude Include="ECCM.h">
      <Filter>Header Files</Filter>
    </ClInclude>
    <ClInclude Include="ECCM1.h">
      <Filter>Header Files</Filter>
    </ClInclude>
    <ClInclude Include="ECCM2.h">
      <Filter>Header Files</Filter>
    </ClInclude>
    <ClInclude Include="ECM.h">
      <Filter>Header Files</Filter>
    </ClInclude>
    <ClInclude Include="ECM1.h">
      <Filter>Header Files</Filter>
    </ClInclude>
    <ClInclude Include="ECM2.h">
      <Filter>Header Files</Filter>
    </ClInclude>
    <ClInclude Include="ELF750.h">
      <Filter>Header Files</Filter>
    </ClInclude>
    <ClInclude Include="EMP500.h">
      <Filter>Header Files</Filter>
    </ClInclude>
    <ClInclude Include="FighterBay.h">
      <Filter>Header Files</Filter>
    </ClInclude>
    <ClInclude Include="FighterBayAssault.h">
      <Filter>Header Files</Filter>
    </ClInclude>
    <ClInclude Include="FighterBayBomber.h">
      <Filter>Header Files</Filter>
    </ClInclude>
    <ClInclude Include="FighterBayInterceptor.h">
      <Filter>Header Files</Filter>
    </ClInclude>
    <ClInclude Include="FighterBayScout.h">
      <Filter>Header Files</Filter>
    </ClInclude>
    <ClInclude Include="FighterBayTorpedo.h">
      <Filter>Header Files</Filter>
    </ClInclude>
    <ClInclude Include="FocusedTECCM.h">
      <Filter>Header Files</Filter>
    </ClInclude>
    <ClInclude Include="FocusedTECM.h">
      <Filter>Header Files</Filter>
    </ClInclude>
    <ClInclude Include="GadgetsDll.h">
      <Filter>Header Files</Filter>
    </ClInclude>
    <ClInclude Include="Innards.h">
      <Filter>Header Files</Filter>
    </ClInclude>
    <ClInclude Include="JD1000.h">
      <Filter>Header Files</Filter>
    </ClInclude>
    <ClInclude Include="JD2K.h">
      <Filter>Header Files</Filter>
    </ClInclude>
    <ClInclude Include="JumpDriveAntiMatter.h">
      <Filter>Header Files</Filter>
    </ClInclude>
    <ClInclude Include="JumpDriveEnergy.h">
      <Filter>Header Files</Filter>
    </ClInclude>
    <ClInclude Include="JumpDriveHMA.h">
      <Filter>Header Files</Filter>
    </ClInclude>
    <ClInclude Include="JumpDriveOverdrive.h">
      <Filter>Header Files</Filter>
    </ClInclude>
    <ClInclude Include="JumpDriveSE.h">
      <Filter>Header Files</Filter>
    </ClInclude>
    <ClInclude Include="JumpDriveTachyon.h">
      <Filter>Header Files</Filter>
    </ClInclude>
    <ClInclude Include="JumpGate1.h">
      <Filter>Header Files</Filter>
    </ClInclude>
    <ClInclude Include="JumpGate2.h">
      <Filter>Header Files</Filter>
    </ClInclude>
    <ClInclude Include="LocalECM.h">
      <Filter>Header Files</Filter>
    </ClInclude>
    <ClInclude Include="LongWaveECCM.h">
      <Filter>Header Files</Filter>
    </ClInclude>
    <ClInclude Include="LongWaveECM.h">
      <Filter>Header Files</Filter>
    </ClInclude>
    <ClInclude Include="MiningBeam.h">
      <Filter>Header Files</Filter>
    </ClInclude>
    <ClInclude Include="MouthBeam.h">
      <Filter>Header Files</Filter>
    </ClInclude>
    <ClInclude Include="NaniteInjector.h">
      <Filter>Header Files</Filter>
    </ClInclude>
    <ClInclude Include="NarrowBandTECCM.h">
      <Filter>Header Files</Filter>
    </ClInclude>
    <ClInclude Include="NarrowBandTECM.h">
      <Filter>Header Files</Filter>
    </ClInclude>
    <ClInclude Include="PlanetArid.h">
      <Filter>Header Files</Filter>
    </ClInclude>
    <ClInclude Include="PlanetBarren.h">
      <Filter>Header Files</Filter>
    </ClInclude>
    <ClInclude Include="PlanetGas.h">
      <Filter>Header Files</Filter>
    </ClInclude>
    <ClInclude Include="PlanetHome.h">
      <Filter>Header Files</Filter>
    </ClInclude>
    <ClInclude Include="PlanetIce.h">
      <Filter>Header Files</Filter>
    </ClInclude>
    <ClInclude Include="PlanetInferno.h">
      <Filter>Header Files</Filter>
    </ClInclude>
    <ClInclude Include="PlanetMoon.h">
      <Filter>Header Files</Filter>
    </ClInclude>
    <ClInclude Include="PlanetOcean.h">
      <Filter>Header Files</Filter>
    </ClInclude>
    <ClInclude Include="PlanetTerran.h">
      <Filter>Header Files</Filter>
    </ClInclude>
    <ClInclude Include="PlatformDefense.h">
      <Filter>Header Files</Filter>
    </ClInclude>
    <ClInclude Include="PlatformSensor.h">
      <Filter>Header Files</Filter>
    </ClInclude>
    <ClInclude Include="PlatformSupply.h">
      <Filter>Header Files</Filter>
    </ClInclude>
    <ClInclude Include="PulseShield.h">
      <Filter>Header Files</Filter>
    </ClInclude>
    <ClInclude Include="Reactor1000.h">
      <Filter>Header Files</Filter>
    </ClInclude>
    <ClInclude Include="Reactor1500.h">
      <Filter>Header Files</Filter>
    </ClInclude>
    <ClInclude Include="Reactor500.h">
      <Filter>Header Files</Filter>
    </ClInclude>
    <ClInclude Include="ReactorAux.h">
      <Filter>Header Files</Filter>
    </ClInclude>
    <ClInclude Include="RF250.h">
      <Filter>Header Files</Filter>
    </ClInclude>
    <ClInclude Include="Scanner.h">
      <Filter>Header Files</Filter>
    </ClInclude>
    <ClInclude Include="Scanner1.h">
      <Filter>Header Files</Filter>
    </ClInclude>
    <ClInclude Include="Scanner2.h">
      <Filter>Header Files</Filter>
    </ClInclude>
    <ClInclude Include="ScannerDetectCloak.h">
      <Filter>Header Files</Filter>
    </ClInclude>
    <ClInclude Include="ShieldActive.h">
      <Filter>Header Files</Filter>
    </ClInclude>
    <ClInclude Include="ShieldAuxillary.h">
      <Filter>Header Files</Filter>
    </ClInclude>
    <ClInclude Include="ShieldGhost.h">
      <Filter>Header Files</Filter>
    </ClInclude>
    <ClInclude Include="ShieldKluthPT.h">
      <Filter>Header Files</Filter>
    </ClInclude>
    <ClInclude Include="ShieldPlanetary.h">
      <Filter>Header Files</Filter>
    </ClInclude>
    <ClInclude Include="ShieldReactive.h">
      <Filter>Header Files</Filter>
    </ClInclude>
    <ClInclude Include="ShieldSkirmish.h">
      <Filter>Header Files</Filter>
    </ClInclude>
    <ClInclude Include="ShipCruiser.h">
      <Filter>Header Files</Filter>
    </ClInclude>
    <ClInclude Include="ShipDestroyer.h">
      <Filter>Header Files</Filter>
    </ClInclude>
    <ClInclude Include="ShipDread.h">
      <Filter>Header Files</Filter>
    </ClInclude>
    <ClInclude Include="ShipDread2.h">
      <Filter>Header Files</Filter>
    </ClInclude>
    <ClInclude Include="ShipEngineer.h">
      <Filter>Header Files</Filter>
    </ClInclude>
    <ClInclude Include="ShipFrigate.h">
      <Filter>Header Files</Filter>
    </ClInclude>
    <ClInclude Include="ShipNode.h">
      <Filter>Header Files</Filter>
    </ClInclude>
    <ClInclude Include="ShipOrb.h">
      <Filter>Header Files</Filter>
    </ClInclude>
    <ClInclude Include="ShipScout.h">
      <Filter>Header Files</Filter>
    </ClInclude>
    <ClInclude Include="ShipStation.h">
      <Filter>Header Files</Filter>
    </ClInclude>
    <ClInclude Include="ShipSupply.h">
      <Filter>Header Files</Filter>
    </ClInclude>
    <ClInclude Include="ShipTransport.h">
      <Filter>Header Files</Filter>
    </ClInclude>
    <ClInclude Include="SupplyDrones.h">
      <Filter>Header Files</Filter>
    </ClInclude>
    <ClInclude Include="SupplyDronesLight.h">
      <Filter>Header Files</Filter>
    </ClInclude>
    <ClInclude Include="SupplyDronesPlanetary.h">
      <Filter>Header Files</Filter>
    </ClInclude>
    <ClInclude Include="SupplyDronesStation.h">
      <Filter>Header Files</Filter>
    </ClInclude>
    <ClInclude Include="TacticalECCM.h">
      <Filter>Header Files</Filter>
    </ClInclude>
    <ClInclude Include="TacticalECM.h">
      <Filter>Header Files</Filter>
    </ClInclude>
    <ClInclude Include="TractorBeam300.h">
      <Filter>Header Files</Filter>
    </ClInclude>
    <ClInclude Include="UnitArmor.h">
      <Filter>Header Files</Filter>
    </ClInclude>
    <ClInclude Include="UnitAutomaton.h">
      <Filter>Header Files</Filter>
    </ClInclude>
    <ClInclude Include="UnitHeavyInfantry.h">
      <Filter>Header Files</Filter>
    </ClInclude>
    <ClInclude Include="UnitInfantry.h">
      <Filter>Header Files</Filter>
    </ClInclude>
    <ClInclude Include="UnitRaidingParty.h">
      <Filter>Header Files</Filter>
    </ClInclude>
    <ClInclude Include="UnitSpy.h">
      <Filter>Header Files</Filter>
    </ClInclude>
    <ClInclude Include="WeaponAMmine.h">
      <Filter>Header Files</Filter>
    </ClInclude>
    <ClInclude Include="WeaponAmplifiedCoilBeam.h">
      <Filter>Header Files</Filter>
    </ClInclude>
    <ClInclude Include="WeaponAmplifiedPulseBeam.h">
      <Filter>Header Files</Filter>
    </ClInclude>
    <ClInclude Include="WeaponAMtorpedo.h">
      <Filter>Header Files</Filter>
    </ClInclude>
    <ClInclude Include="WeaponAMtorpedoFighter.h">
      <Filter>Header Files</Filter>
    </ClInclude>
    <ClInclude Include="WeaponAntiRadarMissile.h">
      <Filter>Header Files</Filter>
    </ClInclude>
    <ClInclude Include="WeaponAntiShipMissile.h">
      <Filter>Header Files</Filter>
    </ClInclude>
    <ClInclude Include="WeaponAresCannon.h">
      <Filter>Header Files</Filter>
    </ClInclude>
    <ClInclude Include="WeaponARmissile.h">
      <Filter>Header Files</Filter>
    </ClInclude>
    <ClInclude Include="WeaponARMissile2.h">
      <Filter>Header Files</Filter>
    </ClInclude>
    <ClInclude Include="WeaponASMissile.h">
      <Filter>Header Files</Filter>
    </ClInclude>
    <ClInclude Include="WeaponBBBomb.h">
      <Filter>Header Files</Filter>
    </ClInclude>
    <ClInclude Include="WeaponBPCbomb.h">
      <Filter>Header Files</Filter>
    </ClInclude>
    <ClInclude Include="WeaponCL.h">
      <Filter>Header Files</Filter>
    </ClInclude>
    <ClInclude Include="WeaponCL1000.h">
      <Filter>Header Files</Filter>
    </ClInclude>
    <ClInclude Include="WeaponCL2000.h">
      <Filter>Header Files</Filter>
    </ClInclude>
    <ClInclude Include="WeaponCL300.h">
      <Filter>Header Files</Filter>
    </ClInclude>
    <ClInclude Include="WeaponCL500.h">
      <Filter>Header Files</Filter>
    </ClInclude>
    <ClInclude Include="WeaponCLER.h">
      <Filter>Header Files</Filter>
    </ClInclude>
    <ClInclude Include="WeaponCLH.h">
      <Filter>Header Files</Filter>
    </ClInclude>
    <ClInclude Include="WeaponCLHICC.h">
      <Filter>Header Files</Filter>
    </ClInclude>
    <ClInclude Include="WeaponCLICC.h">
      <Filter>Header Files</Filter>
    </ClInclude>
    <ClInclude Include="WeaponCLPlanet.h">
      <Filter>Header Files</Filter>
    </ClInclude>
    <ClInclude Include="WeaponDeathBeam.h">
      <Filter>Header Files</Filter>
    </ClInclude>
    <ClInclude Include="WeaponDisruptor.h">
      <Filter>Header Files</Filter>
    </ClInclude>
    <ClInclude Include="WeaponDisruptorA.h">
      <Filter>Header Files</Filter>
    </ClInclude>
    <ClInclude Include="WeaponDMC.h">
      <Filter>Header Files</Filter>
    </ClInclude>
    <ClInclude Include="WeaponDSbeam.h">
      <Filter>Header Files</Filter>
    </ClInclude>
    <ClInclude Include="WeaponELF.h">
      <Filter>Header Files</Filter>
    </ClInclude>
    <ClInclude Include="WeaponElfTorpedo.h">
      <Filter>Header Files</Filter>
    </ClInclude>
    <ClInclude Include="WeaponEMPCannon.h">
      <Filter>Header Files</Filter>
    </ClInclude>
    <ClInclude Include="WeaponEMPCannonHV.h">
      <Filter>Header Files</Filter>
    </ClInclude>
    <ClInclude Include="WeaponEMPmine.h">
      <Filter>Header Files</Filter>
    </ClInclude>
    <ClInclude Include="WeaponEMPMissile.h">
      <Filter>Header Files</Filter>
    </ClInclude>
    <ClInclude Include="WeaponEMPMissileHV.h">
      <Filter>Header Files</Filter>
    </ClInclude>
    <ClInclude Include="WeaponEmpTorpedo.h">
      <Filter>Header Files</Filter>
    </ClInclude>
    <ClInclude Include="WeaponEtorpedo.h">
      <Filter>Header Files</Filter>
    </ClInclude>
    <ClInclude Include="WeaponFEP.h">
      <Filter>Header Files</Filter>
    </ClInclude>
    <ClInclude Include="WeaponFEPO.h">
      <Filter>Header Files</Filter>
    </ClInclude>
    <ClInclude Include="WeaponFighterBeam.h">
      <Filter>Header Files</Filter>
    </ClInclude>
    <ClInclude Include="WeaponFLUXbeam.h">
      <Filter>Header Files</Filter>
    </ClInclude>
    <ClInclude Include="WeaponFluxWave.h">
      <Filter>Header Files</Filter>
    </ClInclude>
    <ClInclude Include="WeaponFurybomb.h">
      <Filter>Header Files</Filter>
    </ClInclude>
    <ClInclude Include="WeaponFusionTorpedo.h">
      <Filter>Header Files</Filter>
    </ClInclude>
    <ClInclude Include="WeaponGauss.h">
      <Filter>Header Files</Filter>
    </ClInclude>
    <ClInclude Include="WeaponGaussHV.h">
      <Filter>Header Files</Filter>
    </ClInclude>
    <ClInclude Include="WeaponGuardianMissile.h">
      <Filter>Header Files</Filter>
    </ClInclude>
    <ClInclude Include="WeaponHAMmine.h">
      <Filter>Header Files</Filter>
    </ClInclude>
    <ClInclude Include="WeaponHarpexMissile.h">
      <Filter>Header Files</Filter>
    </ClInclude>
    <ClInclude Include="WeaponHeavyMassDriver.h">
      <Filter>Header Files</Filter>
    </ClInclude>
    <ClInclude Include="WeaponHEMPmine.h">
      <Filter>Header Files</Filter>
    </ClInclude>
    <ClInclude Include="WeaponHTNmine.h">
      <Filter>Header Files</Filter>
    </ClInclude>
    <ClInclude Include="WeaponIEmissile.h">
      <Filter>Header Files</Filter>
    </ClInclude>
    <ClInclude Include="WeaponIEMissile2.h">
      <Filter>Header Files</Filter>
    </ClInclude>
    <ClInclude Include="WeaponIonCannon.h">
      <Filter>Header Files</Filter>
    </ClInclude>
    <ClInclude Include="WeaponIonizedBeamCannon.h">
      <Filter>Header Files</Filter>
    </ClInclude>
    <ClInclude Include="WeaponIonTorpedo.h">
      <Filter>Header Files</Filter>
    </ClInclude>
    <ClInclude Include="WeaponIonTrackerMissile.h">
      <Filter>Header Files</Filter>
    </ClInclude>
    <ClInclude Include="WeaponIPbeam.h">
      <Filter>Header Files</Filter>
    </ClInclude>
    <ClInclude Include="WeaponIPSbeam.h">
      <Filter>Header Files</Filter>
    </ClInclude>
    <ClInclude Include="WeaponLinearDriveMissile.h">
      <Filter>Header Files</Filter>
    </ClInclude>
    <ClInclude Include="WeaponLonginusDefenseBeam.h">
      <Filter>Header Files</Filter>
    </ClInclude>
    <ClInclude Include="WeaponMassPulseCannon.h">
      <Filter>Header Files</Filter>
    </ClInclude>
    <ClInclude Include="WeaponMiRVbomb.h">
      <Filter>Header Files</Filter>
    </ClInclude>
    <ClInclude Include="WeaponMPA.h">
      <Filter>Header Files</Filter>
    </ClInclude>
    <ClInclude Include="WeaponNeutronbomb.h">
      <Filter>Header Files</Filter>
    </ClInclude>
    <ClInclude Include="WeaponNeutroniumSiegeTorpedo.h">
      <Filter>Header Files</Filter>
    </ClInclude>
    <ClInclude Include="WeaponNeutroniumTorpedo.h">
      <Filter>Header Files</Filter>
    </ClInclude>
    <ClInclude Include="WeaponParticleCannon.h">
      <Filter>Header Files</Filter>
    </ClInclude>
    <ClInclude Include="WeaponParticleCannonFighter.h">
      <Filter>Header Files</Filter>
    </ClInclude>
    <ClInclude Include="WeaponParticleCannonHV.h">
      <Filter>Header Files</Filter>
    </ClInclude>
    <ClInclude Include="WeaponPasseridaeMissileLauncher.h">
      <Filter>Header Files</Filter>
    </ClInclude>
    <ClInclude Include="WeaponPCmissile.h">
      <Filter>Header Files</Filter>
    </ClInclude>
    <ClInclude Include="WeaponPeregrineMissile.h">
      <Filter>Header Files</Filter>
    </ClInclude>
    <ClInclude Include="WeaponPhoenixMissile.h">
      <Filter>Header Files</Filter>
    </ClInclude>
    <ClInclude Include="WeaponPlasmaCannon.h">
      <Filter>Header Files</Filter>
    </ClInclude>
    <ClInclude Include="WeaponPlasmaCannonHV.h">
      <Filter>Header Files</Filter>
    </ClInclude>
    <ClInclude Include="WeaponProtonCruiseMissile.h">
      <Filter>Header Files</Filter>
    </ClInclude>
    <ClInclude Include="WeaponProtonTorpedo.h">
      <Filter>Header Files</Filter>
    </ClInclude>
    <ClInclude Include="WeaponProtonTorpedoFighter.h">
      <Filter>Header Files</Filter>
    </ClInclude>
    <ClInclude Include="WeaponPSGmissile.h">
      <Filter>Header Files</Filter>
    </ClInclude>
    <ClInclude Include="WeaponPSGMissile2.h">
      <Filter>Header Files</Filter>
    </ClInclude>
    <ClInclude Include="WeaponPSIBeam.h">
      <Filter>Header Files</Filter>
    </ClInclude>
    <ClInclude Include="WeaponPsiCannon.h">
      <Filter>Header Files</Filter>
    </ClInclude>
    <ClInclude Include="WeaponPsiCannonFighter.h">
      <Filter>Header Files</Filter>
    </ClInclude>
    <ClInclude Include="WeaponPsiCannonHV.h">
      <Filter>Header Files</Filter>
    </ClInclude>
    <ClInclude Include="WeaponPsiFocusedDisruptor.h">
      <Filter>Header Files</Filter>
    </ClInclude>
    <ClInclude Include="WeaponPsionicMissile.h">
      <Filter>Header Files</Filter>
    </ClInclude>
    <ClInclude Include="WeaponPsiwaveSeekerMissile.h">
      <Filter>Header Files</Filter>
    </ClInclude>
    <ClInclude Include="WeaponPSMissile.h">
      <Filter>Header Files</Filter>
    </ClInclude>
    <ClInclude Include="WeaponPulseBeam.h">
      <Filter>Header Files</Filter>
    </ClInclude>
    <ClInclude Include="WeaponPurifierBomb.h">
      <Filter>Header Files</Filter>
    </ClInclude>
    <ClInclude Include="WeaponQSbomb.h">
      <Filter>Header Files</Filter>
    </ClInclude>
    <ClInclude Include="WeaponQSST.h">
      <Filter>Header Files</Filter>
    </ClInclude>
    <ClInclude Include="WeaponQST.h">
      <Filter>Header Files</Filter>
    </ClInclude>
    <ClInclude Include="WeaponRailgun.h">
      <Filter>Header Files</Filter>
    </ClInclude>
    <ClInclude Include="WeaponRailgunFighter.h">
      <Filter>Header Files</Filter>
    </ClInclude>
    <ClInclude Include="WeaponRailgunHV.h">
      <Filter>Header Files</Filter>
    </ClInclude>
    <ClInclude Include="WeaponRapidCycleDisruptor.h">
      <Filter>Header Files</Filter>
    </ClInclude>
    <ClInclude Include="WeaponRaptorMissile.h">
      <Filter>Header Files</Filter>
    </ClInclude>
    <ClInclude Include="WeaponSABOT.h">
      <Filter>Header Files</Filter>
    </ClInclude>
    <ClInclude Include="WeaponSABOT2.h">
      <Filter>Header Files</Filter>
    </ClInclude>
    <ClInclude Include="WeaponShockMissile.h">
      <Filter>Header Files</Filter>
    </ClInclude>
    <ClInclude Include="WeaponShredderMissile.h">
      <Filter>Header Files</Filter>
    </ClInclude>
    <ClInclude Include="WeaponShredderMissile2.h">
      <Filter>Header Files</Filter>
    </ClInclude>
    <ClInclude Include="WeaponShroudMissile.h">
      <Filter>Header Files</Filter>
    </ClInclude>
    <ClInclude Include="WeaponSparrowMissile.h">
      <Filter>Header Files</Filter>
    </ClInclude>
    <ClInclude Include="WeaponSpreadShot.h">
      <Filter>Header Files</Filter>
    </ClInclude>
    <ClInclude Include="WeaponStellarIncinerator.h">
      <Filter>Header Files</Filter>
    </ClInclude>
    <ClInclude Include="WeaponTKBomb.h">
      <Filter>Header Files</Filter>
    </ClInclude>
    <ClInclude Include="WeaponTKCannon.h">
      <Filter>Header Files</Filter>
    </ClInclude>
    <ClInclude Include="WeaponTKTorpedo.h">
      <Filter>Header Files</Filter>
    </ClInclude>
    <ClInclude Include="WeaponTNmine.h">
      <Filter>Header Files</Filter>
    </ClInclude>
    <ClInclude Include="WeaponTrebuchetSiegeMissile.h">
      <Filter>Header Files</Filter>
    </ClInclude>
    <ClInclude Include="WeaponValenceAutocannon.h">
      <Filter>Header Files</Filter>
    </ClInclude>
    <ClInclude Include="WeaponValenceAutocannonHV.h">
      <Filter>Header Files</Filter>
    </ClInclude>
    <ClInclude Include="WeaponVarianceSiegeTorpedo.h">
      <Filter>Header Files</Filter>
    </ClInclude>
    <ClInclude Include="WeaponVarianceTorpedo.h">
      <Filter>Header Files</Filter>
    </ClInclude>
    <ClInclude Include="WeaponWibbleCannon.h">
      <Filter>Header Files</Filter>
    </ClInclude>
    <ClInclude Include="WeaponWibbleCannonHV.h">
      <Filter>Header Files</Filter>
    </ClInclude>
    <ClInclude Include="ReduceWeaponRange.h">
      <Filter>Header Files</Filter>
    </ClInclude>
  </ItemGroup>
  <ItemGroup>
    <None Include="makefile" />
  </ItemGroup>
</Project>