<?xml version="1.0" encoding="utf-8"?>
<Project ToolsVersion="4.0" xmlns="http://schemas.microsoft.com/developer/msbuild/2003">
  <ItemGroup>
    <Filter Include="Source Files">
      <UniqueIdentifier>{c45ebd01-bce3-4ee9-b099-05af56491e7d}</UniqueIdentifier>
      <Extensions>cpp;c;cxx;rc;def;r;odl;idl;hpj;bat</Extensions>
    </Filter>
    <Filter Include="Header Files">
      <UniqueIdentifier>{ebc316dd-cbd9-4fb4-bd30-67fc9cb716c5}</UniqueIdentifier>
      <Extensions>h;hpp;hxx;hm;inl</Extensions>
    </Filter>
    <Filter Include="Resource Files">
      <UniqueIdentifier>{96728bcc-28a1-4fba-b6c9-6a943d143cba}</UniqueIdentifier>
      <Extensions>ico;cur;bmp;dlg;rc2;rct;bin;rgs;gif;jpg;jpeg;jpe</Extensions>
    </Filter>
  </ItemGroup>
  <ItemGroup>
    <ClCompile Include="BarHUD.cpp">
      <Filter>Source Files</Filter>
    </ClCompile>
    <ClCompile Include="ButtonBuildPlatform.cpp">
      <Filter>Source Files</Filter>
    </ClCompile>
    <ClCompile Include="ButtonBuildStructure.cpp">
      <Filter>Source Files</Filter>
    </ClCompile>
    <ClCompile Include="ButtonBuildUnit.cpp">
      <Filter>Source Files</Filter>
    </ClCompile>
    <ClCompile Include="ButtonCargo.cpp">
      <Filter>Source Files</Filter>
    </ClCompile>
    <ClCompile Include="ButtonContact.cpp">
      <Filter>Source Files</Filter>
    </ClCompile>
    <ClCompile Include="ButtonEnhancement.cpp">
      <Filter>Source Files</Filter>
    </ClCompile>
    <ClCompile Include="ButtonGadget.cpp">
      <Filter>Source Files</Filter>
    </ClCompile>
    <ClCompile Include="ButtonRefit.cpp">
      <Filter>Source Files</Filter>
    </ClCompile>
    <ClCompile Include="ButtonStructure.cpp">
      <Filter>Source Files</Filter>
    </ClCompile>
    <ClCompile Include="ButtonUnit.cpp">
      <Filter>Source Files</Filter>
    </ClCompile>
    <ClCompile Include="ButtonUnload.cpp">
      <Filter>Source Files</Filter>
    </ClCompile>
    <ClCompile Include="GameDocument.cpp">
      <Filter>Source Files</Filter>
    </ClCompile>
    <ClCompile Include="LayoutCargo.cpp">
      <Filter>Source Files</Filter>
    </ClCompile>
    <ClCompile Include="LayoutContacts.cpp">
      <Filter>Source Files</Filter>
    </ClCompile>
    <ClCompile Include="LayoutGadgets.cpp">
      <Filter>Source Files</Filter>
    </ClCompile>
    <ClCompile Include="LayoutGroup.cpp">
      <Filter>Source Files</Filter>
    </ClCompile>
    <ClCompile Include="LayoutMessages.cpp">
      <Filter>Source Files</Filter>
    </ClCompile>
    <ClCompile Include="LayoutPlanetGadgets.cpp">
      <Filter>Source Files</Filter>
    </ClCompile>
    <ClCompile Include="LayoutPlanets.cpp">
      <Filter>Source Files</Filter>
    </ClCompile>
    <ClCompile Include="LayoutPlanetUnits.cpp">
      <Filter>Source Files</Filter>
    </ClCompile>
    <ClCompile Include="LayoutRepairQueue.cpp">
      <Filter>Source Files</Filter>
    </ClCompile>
    <ClCompile Include="LayoutStructures.cpp">
      <Filter>Source Files</Filter>
    </ClCompile>
    <ClCompile Include="LayoutTargetButtons.cpp">
      <Filter>Source Files</Filter>
    </ClCompile>
    <ClCompile Include="LayoutUnitBuild.cpp">
      <Filter>Source Files</Filter>
    </ClCompile>
    <ClCompile Include="MissionWindow.cpp">
      <Filter>Source Files</Filter>
    </ClCompile>
    <ClCompile Include="SliderHUD.cpp">
      <Filter>Source Files</Filter>
    </ClCompile>
    <ClCompile Include="TextMission.cpp">
      <Filter>Source Files</Filter>
    </ClCompile>
    <ClCompile Include="TextNavigation.cpp">
      <Filter>Source Files</Filter>
    </ClCompile>
    <ClCompile Include="TextPlanet.cpp">
      <Filter>Source Files</Filter>
    </ClCompile>
    <ClCompile Include="TipHelp.cpp">
      <Filter>Source Files</Filter>
    </ClCompile>
    <ClCompile Include="ViewConnectServer.cpp">
      <Filter>Source Files</Filter>
    </ClCompile>
    <ClCompile Include="ViewCredits.cpp">
      <Filter>Source Files</Filter>
    </ClCompile>
    <ClCompile Include="ViewDeath.cpp">
      <Filter>Source Files</Filter>
    </ClCompile>
    <ClCompile Include="ViewDisconnected.cpp">
      <Filter>Source Files</Filter>
    </ClCompile>
    <ClCompile Include="ViewEndGame.cpp">
      <Filter>Source Files</Filter>
    </ClCompile>
    <ClCompile Include="ViewGame.cpp">
      <Filter>Source Files</Filter>
    </ClCompile>
    <ClCompile Include="ViewLobby.cpp">
      <Filter>Source Files</Filter>
    </ClCompile>
    <ClCompile Include="ViewMain.cpp">
      <Filter>Source Files</Filter>
    </ClCompile>
    <ClCompile Include="ViewModerate.cpp">
      <Filter>Source Files</Filter>
    </ClCompile>
    <ClCompile Include="ViewNavigation.cpp">
      <Filter>Source Files</Filter>
    </ClCompile>
    <ClCompile Include="ViewObserve.cpp">
      <Filter>Source Files</Filter>
    </ClCompile>
    <ClCompile Include="ViewOptions.cpp">
      <Filter>Source Files</Filter>
    </ClCompile>
    <ClCompile Include="ViewPlanet.cpp">
      <Filter>Source Files</Filter>
    </ClCompile>
    <ClCompile Include="ViewRedirect.cpp">
      <Filter>Source Files</Filter>
    </ClCompile>
    <ClCompile Include="ViewSelectShip.cpp">
      <Filter>Source Files</Filter>
    </ClCompile>
    <ClCompile Include="ViewSelectTeam.cpp">
      <Filter>Source Files</Filter>
    </ClCompile>
    <ClCompile Include="ViewTactical.cpp">
      <Filter>Source Files</Filter>
    </ClCompile>
    <ClCompile Include="WindowEnhancement.cpp">
      <Filter>Source Files</Filter>
    </ClCompile>
    <ClCompile Include="WindowGadget.cpp">
      <Filter>Source Files</Filter>
    </ClCompile>
    <ClCompile Include="WindowHUD.cpp">
      <Filter>Source Files</Filter>
    </ClCompile>
    <ClCompile Include="WindowLog.cpp">
      <Filter>Source Files</Filter>
    </ClCompile>
    <ClCompile Include="WindowMessage.cpp">
      <Filter>Source Files</Filter>
    </ClCompile>
    <ClCompile Include="WindowNavigation.cpp">
      <Filter>Source Files</Filter>
    </ClCompile>
    <ClCompile Include="WindowObserve.cpp">
      <Filter>Source Files</Filter>
    </ClCompile>
    <ClCompile Include="WindowProfile.cpp">
      <Filter>Source Files</Filter>
    </ClCompile>
    <ClCompile Include="WindowSeperator.cpp">
      <Filter>Source Files</Filter>
    </ClCompile>
    <ClCompile Include="WindowShipSelection.cpp">
      <Filter>Source Files</Filter>
    </ClCompile>
    <ClCompile Include="WindowTarget.cpp">
      <Filter>Source Files</Filter>
    </ClCompile>
  </ItemGroup>
  <ItemGroup>
    <ClInclude Include="BarHUD.h">
      <Filter>Header Files</Filter>
    </ClInclude>
    <ClInclude Include="ButtonBuildPlatform.h">
      <Filter>Header Files</Filter>
    </ClInclude>
    <ClInclude Include="ButtonBuildStructure.h">
      <Filter>Header Files</Filter>
    </ClInclude>
    <ClInclude Include="ButtonBuildUnit.h">
      <Filter>Header Files</Filter>
    </ClInclude>
    <ClInclude Include="ButtonCargo.h">
      <Filter>Header Files</Filter>
    </ClInclude>
    <ClInclude Include="ButtonContact.h">
      <Filter>Header Files</Filter>
    </ClInclude>
    <ClInclude Include="ButtonEnhancement.h">
      <Filter>Header Files</Filter>
    </ClInclude>
    <ClInclude Include="ButtonGadget.h">
      <Filter>Header Files</Filter>
    </ClInclude>
    <ClInclude Include="ButtonRefit.h">
      <Filter>Header Files</Filter>
    </ClInclude>
    <ClInclude Include="ButtonStructure.h">
      <Filter>Header Files</Filter>
    </ClInclude>
    <ClInclude Include="ButtonUnit.h">
      <Filter>Header Files</Filter>
    </ClInclude>
    <ClInclude Include="ButtonUnload.h">
      <Filter>Header Files</Filter>
    </ClInclude>
    <ClInclude Include="GameDocument.h">
      <Filter>Header Files</Filter>
    </ClInclude>
    <ClInclude Include="Helpers.h">
      <Filter>Header Files</Filter>
    </ClInclude>
    <ClInclude Include="LayoutCargo.h">
      <Filter>Header Files</Filter>
    </ClInclude>
    <ClInclude Include="LayoutContacts.h">
      <Filter>Header Files</Filter>
    </ClInclude>
    <ClInclude Include="LayoutGadgets.h">
      <Filter>Header Files</Filter>
    </ClInclude>
    <ClInclude Include="LayoutGroup.h">
      <Filter>Header Files</Filter>
    </ClInclude>
    <ClInclude Include="LayoutMessages.h">
      <Filter>Header Files</Filter>
    </ClInclude>
    <ClInclude Include="LayoutPlanetGadgets.h">
      <Filter>Header Files</Filter>
    </ClInclude>
    <ClInclude Include="LayoutPlanets.h">
      <Filter>Header Files</Filter>
    </ClInclude>
    <ClInclude Include="LayoutPlanetUnits.h">
      <Filter>Header Files</Filter>
    </ClInclude>
    <ClInclude Include="LayoutRepairQueue.h">
      <Filter>Header Files</Filter>
    </ClInclude>
    <ClInclude Include="LayoutStructures.h">
      <Filter>Header Files</Filter>
    </ClInclude>
    <ClInclude Include="LayoutTargetButtons.h">
      <Filter>Header Files</Filter>
    </ClInclude>
    <ClInclude Include="LayoutUnitBuild.h">
      <Filter>Header Files</Filter>
    </ClInclude>
    <ClInclude Include="SliderHUD.h">
      <Filter>Header Files</Filter>
    </ClInclude>
    <ClInclude Include="TextMission.h">
      <Filter>Header Files</Filter>
    </ClInclude>
    <ClInclude Include="TextNavigation.h">
      <Filter>Header Files</Filter>
    </ClInclude>
    <ClInclude Include="TextPlanet.h">
      <Filter>Header Files</Filter>
    </ClInclude>
    <ClInclude Include="TipHelp.h">
      <Filter>Header Files</Filter>
    </ClInclude>
    <ClInclude Include="ViewConnectServer.h">
      <Filter>Header Files</Filter>
    </ClInclude>
    <ClInclude Include="ViewCredits.h">
      <Filter>Header Files</Filter>
    </ClInclude>
    <ClInclude Include="ViewDeath.h">
      <Filter>Header Files</Filter>
    </ClInclude>
    <ClInclude Include="ViewDisconnected.h">
      <Filter>Header Files</Filter>
    </ClInclude>
    <ClInclude Include="ViewEndGame.h">
      <Filter>Header Files</Filter>
    </ClInclude>
    <ClInclude Include="ViewGame.h">
      <Filter>Header Files</Filter>
    </ClInclude>
    <ClInclude Include="ViewLobby.h">
      <Filter>Header Files</Filter>
    </ClInclude>
    <ClInclude Include="ViewMain.h">
      <Filter>Header Files</Filter>
    </ClInclude>
    <ClInclude Include="ViewModerate.h">
      <Filter>Header Files</Filter>
    </ClInclude>
    <ClInclude Include="ViewNavigation.h">
      <Filter>Header Files</Filter>
    </ClInclude>
    <ClInclude Include="ViewObserve.h">
      <Filter>Header Files</Filter>
    </ClInclude>
    <ClInclude Include="ViewOptions.h">
      <Filter>Header Files</Filter>
    </ClInclude>
    <ClInclude Include="ViewPlanet.h">
      <Filter>Header Files</Filter>
    </ClInclude>
    <ClInclude Include="ViewRedirect.h">
      <Filter>Header Files</Filter>
    </ClInclude>
    <ClInclude Include="ViewSelectShip.h">
      <Filter>Header Files</Filter>
    </ClInclude>
    <ClInclude Include="ViewSelectTeam.h">
      <Filter>Header Files</Filter>
    </ClInclude>
    <ClInclude Include="ViewTactical.h">
      <Filter>Header Files</Filter>
    </ClInclude>
    <ClInclude Include="WindowEnhancement.h">
      <Filter>Header Files</Filter>
    </ClInclude>
    <ClInclude Include="WindowGadget.h">
      <Filter>Header Files</Filter>
    </ClInclude>
    <ClInclude Include="WindowHUD.h">
      <Filter>Header Files</Filter>
    </ClInclude>
    <ClInclude Include="WindowLog.h">
      <Filter>Header Files</Filter>
    </ClInclude>
    <ClInclude Include="WindowMessage.h">
      <Filter>Header Files</Filter>
    </ClInclude>
    <ClInclude Include="WindowMission.h">
      <Filter>Header Files</Filter>
    </ClInclude>
    <ClInclude Include="WindowNavigation.h">
      <Filter>Header Files</Filter>
    </ClInclude>
    <ClInclude Include="WindowObserve.h">
      <Filter>Header Files</Filter>
    </ClInclude>
    <ClInclude Include="WindowProfile.h">
      <Filter>Header Files</Filter>
    </ClInclude>
    <ClInclude Include="WindowSeperator.h">
      <Filter>Header Files</Filter>
    </ClInclude>
    <ClInclude Include="WindowShipSelection.h">
      <Filter>Header Files</Filter>
    </ClInclude>
    <ClInclude Include="WindowTarget.h">
      <Filter>Header Files</Filter>
    </ClInclude>
  </ItemGroup>
  <ItemGroup>
    <None Include="Release\Interface.map" />
    <None Include="Debug\InterfaceD.map" />
  </ItemGroup>
</Project>