Microsoft Visual Studio Solution File, Format Version 9.00
# Visual Studio 2005
Project("{8BC9CEB8-8B4A-11D0-8D11-00A0C91BC942}") = "Bin", "Bin\Bin.vcproj", "{0B1D378C-4DA6-4283-9279-87E7D43CF3F4}"
	ProjectSection(ProjectDependencies) = postProject
		{08DB19FE-7FE8-4C1C-AC4D-B130FD5AA073} = {08DB19FE-7FE8-4C1C-AC4D-B130FD5AA073}
		{2A01AFFD-87CC-4F86-8733-CCAD9079D63B} = {2A01AFFD-87CC-4F86-8733-CCAD9079D63B}
		{1E5779FC-265E-4331-AAAD-79AAFD688DA4} = {1E5779FC-265E-4331-AAAD-79AAFD688DA4}
		{CD91E4F5-1AFF-476D-94BE-C9770ACFAF98} = {CD91E4F5-1AFF-476D-94BE-C9770ACFAF98}
		{1C4410EE-27F3-4FC9-BD31-0C73BD7E7939} = {1C4410EE-27F3-4FC9-BD31-0C73BD7E7939}
		{5A9D61DF-335A-4A90-B19A-FA07916921EB} = {5A9D61DF-335A-4A90-B19A-FA07916921EB}
		{0B7C07D4-2222-4814-B8ED-1243EF1250AD} = {0B7C07D4-2222-4814-B8ED-1243EF1250AD}
		{7414B8CB-20BE-462D-A5AB-F789227EF8B8} = {7414B8CB-20BE-462D-A5AB-F789227EF8B8}
		{18B80ECB-53AE-47E1-AF11-0C994CAC2C1D} = {18B80ECB-53AE-47E1-AF11-0C994CAC2C1D}
		{04D9C4B4-B762-4074-A2F7-E5FA29E55C01} = {04D9C4B4-B762-4074-A2F7-E5FA29E55C01}
		{8B60E6A1-8262-4459-9BD3-38755142DDCB} = {8B60E6A1-8262-4459-9BD3-38755142DDCB}
		{FB696F9D-D66B-4C24-ADA2-711DAF13AC11} = {FB696F9D-D66B-4C24-ADA2-711DAF13AC11}
		{34CE6C9A-C82E-42D0-9801-880587FE5A01} = {34CE6C9A-C82E-42D0-9801-880587FE5A01}
		{5399E492-5711-4B2B-8F8C-61F399CCB386} = {5399E492-5711-4B2B-8F8C-61F399CCB386}
		{4F2F0377-158D-4252-81B2-623E2E0C9900} = {4F2F0377-158D-4252-81B2-623E2E0C9900}
		{93AD8E65-FB3A-414D-BA0B-6E8FFDDB6CAB} = {93AD8E65-FB3A-414D-BA0B-6E8FFDDB6CAB}
		{74EF8552-8C85-4859-B8F0-5F056C17D3A5} = {74EF8552-8C85-4859-B8F0-5F056C17D3A5}
		{AA153E4F-6DFD-49BA-93C3-DEE541DB3776} = {AA153E4F-6DFD-49BA-93C3-DEE541DB3776}
		{6DFD2A35-D0AB-4C07-83E1-60FDF18BC864} = {6DFD2A35-D0AB-4C07-83E1-60FDF18BC864}
		{5EB8822F-375D-4C7E-9F68-D72FF8BFCCD9} = {5EB8822F-375D-4C7E-9F68-D72FF8BFCCD9}
		{E92FE303-0D73-4379-AC9D-F33CB08BFA4A} = {E92FE303-0D73-4379-AC9D-F33CB08BFA4A}
	EndProjectSection
EndProject
Project("{8BC9CEB8-8B4A-11D0-8D11-00A0C91BC942}") = "BugReport", "BugReport\BugReport.vcproj", "{5399E492-5711-4B2B-8F8C-61F399CCB386}"
	ProjectSection(ProjectDependencies) = postProject
		{93AD8E65-FB3A-414D-BA0B-6E8FFDDB6CAB} = {93AD8E65-FB3A-414D-BA0B-6E8FFDDB6CAB}
	EndProjectSection
EndProject
Project("{8BC9CEB8-8B4A-11D0-8D11-00A0C91BC942}") = "Docs", "Docs\Docs.vcproj", "{1CC73176-2D1B-4763-90F1-39D0A2D5FE71}"
EndProject
Project("{8BC9CEB8-8B4A-11D0-8D11-00A0C91BC942}") = "NounBodyPort", "NounBodyPort\NounBodyPort.vcproj", "{08DB19FE-7FE8-4C1C-AC4D-B130FD5AA073}"
	ProjectSection(ProjectDependencies) = postProject
		{2A01AFFD-87CC-4F86-8733-CCAD9079D63B} = {2A01AFFD-87CC-4F86-8733-CCAD9079D63B}
		{04D9C4B4-B762-4074-A2F7-E5FA29E55C01} = {04D9C4B4-B762-4074-A2F7-E5FA29E55C01}
		{93AD8E65-FB3A-414D-BA0B-6E8FFDDB6CAB} = {93AD8E65-FB3A-414D-BA0B-6E8FFDDB6CAB}
	EndProjectSection
EndProject
Project("{8BC9CEB8-8B4A-11D0-8D11-00A0C91BC942}") = "NounContextPort", "NounContextPort\NounContextPort.vcproj", "{FB696F9D-D66B-4C24-ADA2-711DAF13AC11}"
	ProjectSection(ProjectDependencies) = postProject
		{04D9C4B4-B762-4074-A2F7-E5FA29E55C01} = {04D9C4B4-B762-4074-A2F7-E5FA29E55C01}
		{93AD8E65-FB3A-414D-BA0B-6E8FFDDB6CAB} = {93AD8E65-FB3A-414D-BA0B-6E8FFDDB6CAB}
		{74EF8552-8C85-4859-B8F0-5F056C17D3A5} = {74EF8552-8C85-4859-B8F0-5F056C17D3A5}
	EndProjectSection
EndProject
Project("{8BC9CEB8-8B4A-11D0-8D11-00A0C91BC942}") = "NounGadgetPort", "NounGadgetPort\NounGadgetPort.vcproj", "{E92FE303-0D73-4379-AC9D-F33CB08BFA4A}"
	ProjectSection(ProjectDependencies) = postProject
		{2A01AFFD-87CC-4F86-8733-CCAD9079D63B} = {2A01AFFD-87CC-4F86-8733-CCAD9079D63B}
		{04D9C4B4-B762-4074-A2F7-E5FA29E55C01} = {04D9C4B4-B762-4074-A2F7-E5FA29E55C01}
		{FB696F9D-D66B-4C24-ADA2-711DAF13AC11} = {FB696F9D-D66B-4C24-ADA2-711DAF13AC11}
		{93AD8E65-FB3A-414D-BA0B-6E8FFDDB6CAB} = {93AD8E65-FB3A-414D-BA0B-6E8FFDDB6CAB}
	EndProjectSection
EndProject
Project("{8BC9CEB8-8B4A-11D0-8D11-00A0C91BC942}") = "NounJumpGatePort", "NounJumpGatePort\NounJumpGatePort.vcproj", "{0B7C07D4-2222-4814-B8ED-1243EF1250AD}"
	ProjectSection(ProjectDependencies) = postProject
		{08DB19FE-7FE8-4C1C-AC4D-B130FD5AA073} = {08DB19FE-7FE8-4C1C-AC4D-B130FD5AA073}
		{2A01AFFD-87CC-4F86-8733-CCAD9079D63B} = {2A01AFFD-87CC-4F86-8733-CCAD9079D63B}
		{04D9C4B4-B762-4074-A2F7-E5FA29E55C01} = {04D9C4B4-B762-4074-A2F7-E5FA29E55C01}
		{FB696F9D-D66B-4C24-ADA2-711DAF13AC11} = {FB696F9D-D66B-4C24-ADA2-711DAF13AC11}
		{93AD8E65-FB3A-414D-BA0B-6E8FFDDB6CAB} = {93AD8E65-FB3A-414D-BA0B-6E8FFDDB6CAB}
	EndProjectSection
EndProject
Project("{8BC9CEB8-8B4A-11D0-8D11-00A0C91BC942}") = "NounPlanetPort", "NounPlanetPort\NounPlanetPort.vcproj", "{5A9D61DF-335A-4A90-B19A-FA07916921EB}"
	ProjectSection(ProjectDependencies) = postProject
		{08DB19FE-7FE8-4C1C-AC4D-B130FD5AA073} = {08DB19FE-7FE8-4C1C-AC4D-B130FD5AA073}
		{2A01AFFD-87CC-4F86-8733-CCAD9079D63B} = {2A01AFFD-87CC-4F86-8733-CCAD9079D63B}
		{04D9C4B4-B762-4074-A2F7-E5FA29E55C01} = {04D9C4B4-B762-4074-A2F7-E5FA29E55C01}
		{93AD8E65-FB3A-414D-BA0B-6E8FFDDB6CAB} = {93AD8E65-FB3A-414D-BA0B-6E8FFDDB6CAB}
	EndProjectSection
EndProject
Project("{8BC9CEB8-8B4A-11D0-8D11-00A0C91BC942}") = "NounPort", "NounPort\NounPort.vcproj", "{2A01AFFD-87CC-4F86-8733-CCAD9079D63B}"
	ProjectSection(ProjectDependencies) = postProject
		{04D9C4B4-B762-4074-A2F7-E5FA29E55C01} = {04D9C4B4-B762-4074-A2F7-E5FA29E55C01}
		{FB696F9D-D66B-4C24-ADA2-711DAF13AC11} = {FB696F9D-D66B-4C24-ADA2-711DAF13AC11}
		{93AD8E65-FB3A-414D-BA0B-6E8FFDDB6CAB} = {93AD8E65-FB3A-414D-BA0B-6E8FFDDB6CAB}
	EndProjectSection
EndProject
Project("{8BC9CEB8-8B4A-11D0-8D11-00A0C91BC942}") = "NounShipPort", "NounShipPort\NounShipPort.vcproj", "{6DFD2A35-D0AB-4C07-83E1-60FDF18BC864}"
	ProjectSection(ProjectDependencies) = postProject
		{08DB19FE-7FE8-4C1C-AC4D-B130FD5AA073} = {08DB19FE-7FE8-4C1C-AC4D-B130FD5AA073}
		{2A01AFFD-87CC-4F86-8733-CCAD9079D63B} = {2A01AFFD-87CC-4F86-8733-CCAD9079D63B}
		{04D9C4B4-B762-4074-A2F7-E5FA29E55C01} = {04D9C4B4-B762-4074-A2F7-E5FA29E55C01}
		{FB696F9D-D66B-4C24-ADA2-711DAF13AC11} = {FB696F9D-D66B-4C24-ADA2-711DAF13AC11}
		{93AD8E65-FB3A-414D-BA0B-6E8FFDDB6CAB} = {93AD8E65-FB3A-414D-BA0B-6E8FFDDB6CAB}
		{5EB8822F-375D-4C7E-9F68-D72FF8BFCCD9} = {5EB8822F-375D-4C7E-9F68-D72FF8BFCCD9}
	EndProjectSection
EndProject
Project("{8BC9CEB8-8B4A-11D0-8D11-00A0C91BC942}") = "NounSpawnPort", "NounSpawnPort\NounSpawnPort.vcproj", "{AA153E4F-6DFD-49BA-93C3-DEE541DB3776}"
	ProjectSection(ProjectDependencies) = postProject
		{08DB19FE-7FE8-4C1C-AC4D-B130FD5AA073} = {08DB19FE-7FE8-4C1C-AC4D-B130FD5AA073}
		{2A01AFFD-87CC-4F86-8733-CCAD9079D63B} = {2A01AFFD-87CC-4F86-8733-CCAD9079D63B}
		{04D9C4B4-B762-4074-A2F7-E5FA29E55C01} = {04D9C4B4-B762-4074-A2F7-E5FA29E55C01}
		{93AD8E65-FB3A-414D-BA0B-6E8FFDDB6CAB} = {93AD8E65-FB3A-414D-BA0B-6E8FFDDB6CAB}
		{5EB8822F-375D-4C7E-9F68-D72FF8BFCCD9} = {5EB8822F-375D-4C7E-9F68-D72FF8BFCCD9}
	EndProjectSection
EndProject
Project("{8BC9CEB8-8B4A-11D0-8D11-00A0C91BC942}") = "NounStructurePort", "NounStructurePort\NounStructurePort.vcproj", "{4F2F0377-158D-4252-81B2-623E2E0C9900}"
	ProjectSection(ProjectDependencies) = postProject
		{2A01AFFD-87CC-4F86-8733-CCAD9079D63B} = {2A01AFFD-87CC-4F86-8733-CCAD9079D63B}
		{04D9C4B4-B762-4074-A2F7-E5FA29E55C01} = {04D9C4B4-B762-4074-A2F7-E5FA29E55C01}
		{FB696F9D-D66B-4C24-ADA2-711DAF13AC11} = {FB696F9D-D66B-4C24-ADA2-711DAF13AC11}
		{93AD8E65-FB3A-414D-BA0B-6E8FFDDB6CAB} = {93AD8E65-FB3A-414D-BA0B-6E8FFDDB6CAB}
	EndProjectSection
EndProject
Project("{8BC9CEB8-8B4A-11D0-8D11-00A0C91BC942}") = "NounTrailPort", "NounTrailPort\NounTrailPort.vcproj", "{8B60E6A1-8262-4459-9BD3-38755142DDCB}"
	ProjectSection(ProjectDependencies) = postProject
		{2A01AFFD-87CC-4F86-8733-CCAD9079D63B} = {2A01AFFD-87CC-4F86-8733-CCAD9079D63B}
		{04D9C4B4-B762-4074-A2F7-E5FA29E55C01} = {04D9C4B4-B762-4074-A2F7-E5FA29E55C01}
		{FB696F9D-D66B-4C24-ADA2-711DAF13AC11} = {FB696F9D-D66B-4C24-ADA2-711DAF13AC11}
		{93AD8E65-FB3A-414D-BA0B-6E8FFDDB6CAB} = {93AD8E65-FB3A-414D-BA0B-6E8FFDDB6CAB}
	EndProjectSection
EndProject
Project("{8BC9CEB8-8B4A-11D0-8D11-00A0C91BC942}") = "ShipContextPort", "ShipContextPort\ShipContextPort.vcproj", "{5EB8822F-375D-4C7E-9F68-D72FF8BFCCD9}"
	ProjectSection(ProjectDependencies) = postProject
		{04D9C4B4-B762-4074-A2F7-E5FA29E55C01} = {04D9C4B4-B762-4074-A2F7-E5FA29E55C01}
		{FB696F9D-D66B-4C24-ADA2-711DAF13AC11} = {FB696F9D-D66B-4C24-ADA2-711DAF13AC11}
		{93AD8E65-FB3A-414D-BA0B-6E8FFDDB6CAB} = {93AD8E65-FB3A-414D-BA0B-6E8FFDDB6CAB}
	EndProjectSection
EndProject
Project("{8BC9CEB8-8B4A-11D0-8D11-00A0C91BC942}") = "UniverseContextPort", "UniverseContextPort\UniverseContextPort.vcproj", "{1C4410EE-27F3-4FC9-BD31-0C73BD7E7939}"
	ProjectSection(ProjectDependencies) = postProject
		{08DB19FE-7FE8-4C1C-AC4D-B130FD5AA073} = {08DB19FE-7FE8-4C1C-AC4D-B130FD5AA073}
		{2A01AFFD-87CC-4F86-8733-CCAD9079D63B} = {2A01AFFD-87CC-4F86-8733-CCAD9079D63B}
		{5A9D61DF-335A-4A90-B19A-FA07916921EB} = {5A9D61DF-335A-4A90-B19A-FA07916921EB}
		{0B7C07D4-2222-4814-B8ED-1243EF1250AD} = {0B7C07D4-2222-4814-B8ED-1243EF1250AD}
		{04D9C4B4-B762-4074-A2F7-E5FA29E55C01} = {04D9C4B4-B762-4074-A2F7-E5FA29E55C01}
		{93AD8E65-FB3A-414D-BA0B-6E8FFDDB6CAB} = {93AD8E65-FB3A-414D-BA0B-6E8FFDDB6CAB}
		{AA153E4F-6DFD-49BA-93C3-DEE541DB3776} = {AA153E4F-6DFD-49BA-93C3-DEE541DB3776}
		{5EB8822F-375D-4C7E-9F68-D72FF8BFCCD9} = {5EB8822F-375D-4C7E-9F68-D72FF8BFCCD9}
	EndProjectSection
EndProject
Project("{8BC9CEB8-8B4A-11D0-8D11-00A0C91BC942}") = "Medusa", "..\..\Medusa\Medusa\Medusa.vcproj", "{93AD8E65-FB3A-414D-BA0B-6E8FFDDB6CAB}"
EndProject
Project("{8BC9CEB8-8B4A-11D0-8D11-00A0C91BC942}") = "DarkSpace", "..\DarkSpace\DarkSpace.vcproj", "{04D9C4B4-B762-4074-A2F7-E5FA29E55C01}"
	ProjectSection(ProjectDependencies) = postProject
		{1E5779FC-265E-4331-AAAD-79AAFD688DA4} = {1E5779FC-265E-4331-AAAD-79AAFD688DA4}
		{CD91E4F5-1AFF-476D-94BE-C9770ACFAF98} = {CD91E4F5-1AFF-476D-94BE-C9770ACFAF98}
		{93AD8E65-FB3A-414D-BA0B-6E8FFDDB6CAB} = {93AD8E65-FB3A-414D-BA0B-6E8FFDDB6CAB}
		{74EF8552-8C85-4859-B8F0-5F056C17D3A5} = {74EF8552-8C85-4859-B8F0-5F056C17D3A5}
	EndProjectSection
EndProject
Project("{8BC9CEB8-8B4A-11D0-8D11-00A0C91BC942}") = "World", "..\..\Medusa\World\World.vcproj", "{74EF8552-8C85-4859-B8F0-5F056C17D3A5}"
	ProjectSection(ProjectDependencies) = postProject
		{6276A121-5951-40D4-B2ED-0325573E8055} = {6276A121-5951-40D4-B2ED-0325573E8055}
		{93AD8E65-FB3A-414D-BA0B-6E8FFDDB6CAB} = {93AD8E65-FB3A-414D-BA0B-6E8FFDDB6CAB}
		{1E5779FC-265E-4331-AAAD-79AAFD688DA4} = {1E5779FC-265E-4331-AAAD-79AAFD688DA4}
		{18B80ECB-53AE-47E1-AF11-0C994CAC2C1D} = {18B80ECB-53AE-47E1-AF11-0C994CAC2C1D}
	EndProjectSection
EndProject
Project("{8BC9CEB8-8B4A-11D0-8D11-00A0C91BC942}") = "Render3D", "..\..\Medusa\Render3D\Render3D.vcproj", "{18B80ECB-53AE-47E1-AF11-0C994CAC2C1D}"
	ProjectSection(ProjectDependencies) = postProject
		{93AD8E65-FB3A-414D-BA0B-6E8FFDDB6CAB} = {93AD8E65-FB3A-414D-BA0B-6E8FFDDB6CAB}
	EndProjectSection
EndProject
Project("{8BC9CEB8-8B4A-11D0-8D11-00A0C91BC942}") = "GUI3D", "..\..\Medusa\Gui3d\Gui3d.vcproj", "{CD91E4F5-1AFF-476D-94BE-C9770ACFAF98}"
	ProjectSection(ProjectDependencies) = postProject
		{18B80ECB-53AE-47E1-AF11-0C994CAC2C1D} = {18B80ECB-53AE-47E1-AF11-0C994CAC2C1D}
		{93AD8E65-FB3A-414D-BA0B-6E8FFDDB6CAB} = {93AD8E65-FB3A-414D-BA0B-6E8FFDDB6CAB}
		{74EF8552-8C85-4859-B8F0-5F056C17D3A5} = {74EF8552-8C85-4859-B8F0-5F056C17D3A5}
	EndProjectSection
EndProject
Project("{8BC9CEB8-8B4A-11D0-8D11-00A0C91BC942}") = "Network", "..\..\Medusa\Network\Network.vcproj", "{1E5779FC-265E-4331-AAAD-79AAFD688DA4}"
	ProjectSection(ProjectDependencies) = postProject
		{93AD8E65-FB3A-414D-BA0B-6E8FFDDB6CAB} = {93AD8E65-FB3A-414D-BA0B-6E8FFDDB6CAB}
	EndProjectSection
EndProject
Project("{8BC9CEB8-8B4A-11D0-8D11-00A0C91BC942}") = "GCQ", "..\..\Medusa\GCQ\GCQ.vcproj", "{6276A121-5951-40D4-B2ED-0325573E8055}"
	ProjectSection(ProjectDependencies) = postProject
		{1E5779FC-265E-4331-AAAD-79AAFD688DA4} = {1E5779FC-265E-4331-AAAD-79AAFD688DA4}
		{93AD8E65-FB3A-414D-BA0B-6E8FFDDB6CAB} = {93AD8E65-FB3A-414D-BA0B-6E8FFDDB6CAB}
	EndProjectSection
EndProject
Project("{8BC9CEB8-8B4A-11D0-8D11-00A0C91BC942}") = "Gadgets", "..\Gadgets\Gadgets.vcproj", "{34CE6C9A-C82E-42D0-9801-880587FE5A01}"
	ProjectSection(ProjectDependencies) = postProject
		{04D9C4B4-B762-4074-A2F7-E5FA29E55C01} = {04D9C4B4-B762-4074-A2F7-E5FA29E55C01}
		{93AD8E65-FB3A-414D-BA0B-6E8FFDDB6CAB} = {93AD8E65-FB3A-414D-BA0B-6E8FFDDB6CAB}
		{74EF8552-8C85-4859-B8F0-5F056C17D3A5} = {74EF8552-8C85-4859-B8F0-5F056C17D3A5}
	EndProjectSection
EndProject
Project("{8BC9CEB8-8B4A-11D0-8D11-00A0C91BC942}") = "Interface", "..\Interface\Interface.vcproj", "{7414B8CB-20BE-462D-A5AB-F789227EF8B8}"
	ProjectSection(ProjectDependencies) = postProject
		{CD91E4F5-1AFF-476D-94BE-C9770ACFAF98} = {CD91E4F5-1AFF-476D-94BE-C9770ACFAF98}
		{04D9C4B4-B762-4074-A2F7-E5FA29E55C01} = {04D9C4B4-B762-4074-A2F7-E5FA29E55C01}
		{93AD8E65-FB3A-414D-BA0B-6E8FFDDB6CAB} = {93AD8E65-FB3A-414D-BA0B-6E8FFDDB6CAB}
	EndProjectSection
EndProject
Project("{8BC9CEB8-8B4A-11D0-8D11-00A0C91BC942}") = "ResourcerDoc", "..\..\Medusa\Tools\ResourcerDoc\ResourcerDoc.vcproj", "{E2C788F7-5D94-4A28-A68E-0DD48D5C35B6}"
	ProjectSection(ProjectDependencies) = postProject
		{93AD8E65-FB3A-414D-BA0B-6E8FFDDB6CAB} = {93AD8E65-FB3A-414D-BA0B-6E8FFDDB6CAB}
	EndProjectSection
EndProject
Project("{2150E333-8FDC-42A3-9474-1A3956D46DE8}") = "MedusaEngine", "MedusaEngine", "{34E68FF1-ABDC-4E3F-BFAB-E198B399E009}"
EndProject
Project("{2150E333-8FDC-42A3-9474-1A3956D46DE8}") = "DarkSpace", "DarkSpace", "{3F41344B-8593-4E95-BAD2-3D7807CACC8B}"
EndProject
Project("{8BC9CEB8-8B4A-11D0-8D11-00A0C91BC942}") = "SelfUpdate", "..\..\Medusa\SelfUpdate\SelfUpdate.vcproj", "{0593B188-284E-4657-BA15-4BC703673F8F}"
	ProjectSection(ProjectDependencies) = postProject
		{93AD8E65-FB3A-414D-BA0B-6E8FFDDB6CAB} = {93AD8E65-FB3A-414D-BA0B-6E8FFDDB6CAB}
		{1E5779FC-265E-4331-AAAD-79AAFD688DA4} = {1E5779FC-265E-4331-AAAD-79AAFD688DA4}
	EndProjectSection
EndProject
Global
	GlobalSection(SolutionConfigurationPlatforms) = preSolution
		Debug|Win32 = Debug|Win32
		Release|Win32 = Release|Win32
	EndGlobalSection
	GlobalSection(ProjectConfigurationPlatforms) = postSolution
		{0B1D378C-4DA6-4283-9279-87E7D43CF3F4}.Debug|Win32.ActiveCfg = Debug|Win32
		{0B1D378C-4DA6-4283-9279-87E7D43CF3F4}.Debug|Win32.Build.0 = Debug|Win32
		{0B1D378C-4DA6-4283-9279-87E7D43CF3F4}.Release|Win32.ActiveCfg = Release|Win32
		{0B1D378C-4DA6-4283-9279-87E7D43CF3F4}.Release|Win32.Build.0 = Release|Win32
		{5399E492-5711-4B2B-8F8C-61F399CCB386}.Debug|Win32.ActiveCfg = Debug|Win32
		{5399E492-5711-4B2B-8F8C-61F399CCB386}.Debug|Win32.Build.0 = Debug|Win32
		{5399E492-5711-4B2B-8F8C-61F399CCB386}.Release|Win32.ActiveCfg = Release|Win32
		{5399E492-5711-4B2B-8F8C-61F399CCB386}.Release|Win32.Build.0 = Release|Win32
		{1CC73176-2D1B-4763-90F1-39D0A2D5FE71}.Debug|Win32.ActiveCfg = Debug|Win32
		{1CC73176-2D1B-4763-90F1-39D0A2D5FE71}.Debug|Win32.Build.0 = Debug|Win32
		{1CC73176-2D1B-4763-90F1-39D0A2D5FE71}.Release|Win32.ActiveCfg = Release|Win32
		{1CC73176-2D1B-4763-90F1-39D0A2D5FE71}.Release|Win32.Build.0 = Release|Win32
		{08DB19FE-7FE8-4C1C-AC4D-B130FD5AA073}.Debug|Win32.ActiveCfg = Debug|Win32
		{08DB19FE-7FE8-4C1C-AC4D-B130FD5AA073}.Debug|Win32.Build.0 = Debug|Win32
		{08DB19FE-7FE8-4C1C-AC4D-B130FD5AA073}.Release|Win32.ActiveCfg = Release|Win32
		{08DB19FE-7FE8-4C1C-AC4D-B130FD5AA073}.Release|Win32.Build.0 = Release|Win32
		{FB696F9D-D66B-4C24-ADA2-711DAF13AC11}.Debug|Win32.ActiveCfg = Debug|Win32
		{FB696F9D-D66B-4C24-ADA2-711DAF13AC11}.Debug|Win32.Build.0 = Debug|Win32
		{FB696F9D-D66B-4C24-ADA2-711DAF13AC11}.Release|Win32.ActiveCfg = Release|Win32
		{FB696F9D-D66B-4C24-ADA2-711DAF13AC11}.Release|Win32.Build.0 = Release|Win32
		{E92FE303-0D73-4379-AC9D-F33CB08BFA4A}.Debug|Win32.ActiveCfg = Debug|Win32
		{E92FE303-0D73-4379-AC9D-F33CB08BFA4A}.Debug|Win32.Build.0 = Debug|Win32
		{E92FE303-0D73-4379-AC9D-F33CB08BFA4A}.Release|Win32.ActiveCfg = Release|Win32
		{E92FE303-0D73-4379-AC9D-F33CB08BFA4A}.Release|Win32.Build.0 = Release|Win32
		{0B7C07D4-2222-4814-B8ED-1243EF1250AD}.Debug|Win32.ActiveCfg = Debug|Win32
		{0B7C07D4-2222-4814-B8ED-1243EF1250AD}.Debug|Win32.Build.0 = Debug|Win32
		{0B7C07D4-2222-4814-B8ED-1243EF1250AD}.Release|Win32.ActiveCfg = Release|Win32
		{0B7C07D4-2222-4814-B8ED-1243EF1250AD}.Release|Win32.Build.0 = Release|Win32
		{5A9D61DF-335A-4A90-B19A-FA07916921EB}.Debug|Win32.ActiveCfg = Debug|Win32
		{5A9D61DF-335A-4A90-B19A-FA07916921EB}.Debug|Win32.Build.0 = Debug|Win32
		{5A9D61DF-335A-4A90-B19A-FA07916921EB}.Release|Win32.ActiveCfg = Release|Win32
		{5A9D61DF-335A-4A90-B19A-FA07916921EB}.Release|Win32.Build.0 = Release|Win32
		{2A01AFFD-87CC-4F86-8733-CCAD9079D63B}.Debug|Win32.ActiveCfg = Debug|Win32
		{2A01AFFD-87CC-4F86-8733-CCAD9079D63B}.Debug|Win32.Build.0 = Debug|Win32
		{2A01AFFD-87CC-4F86-8733-CCAD9079D63B}.Release|Win32.ActiveCfg = Release|Win32
		{2A01AFFD-87CC-4F86-8733-CCAD9079D63B}.Release|Win32.Build.0 = Release|Win32
		{6DFD2A35-D0AB-4C07-83E1-60FDF18BC864}.Debug|Win32.ActiveCfg = Debug|Win32
		{6DFD2A35-D0AB-4C07-83E1-60FDF18BC864}.Debug|Win32.Build.0 = Debug|Win32
		{6DFD2A35-D0AB-4C07-83E1-60FDF18BC864}.Release|Win32.ActiveCfg = Release|Win32
		{6DFD2A35-D0AB-4C07-83E1-60FDF18BC864}.Release|Win32.Build.0 = Release|Win32
		{AA153E4F-6DFD-49BA-93C3-DEE541DB3776}.Debug|Win32.ActiveCfg = Debug|Win32
		{AA153E4F-6DFD-49BA-93C3-DEE541DB3776}.Debug|Win32.Build.0 = Debug|Win32
		{AA153E4F-6DFD-49BA-93C3-DEE541DB3776}.Release|Win32.ActiveCfg = Release|Win32
		{AA153E4F-6DFD-49BA-93C3-DEE541DB3776}.Release|Win32.Build.0 = Release|Win32
		{4F2F0377-158D-4252-81B2-623E2E0C9900}.Debug|Win32.ActiveCfg = Debug|Win32
		{4F2F0377-158D-4252-81B2-623E2E0C9900}.Debug|Win32.Build.0 = Debug|Win32
		{4F2F0377-158D-4252-81B2-623E2E0C9900}.Release|Win32.ActiveCfg = Release|Win32
		{4F2F0377-158D-4252-81B2-623E2E0C9900}.Release|Win32.Build.0 = Release|Win32
		{8B60E6A1-8262-4459-9BD3-38755142DDCB}.Debug|Win32.ActiveCfg = Debug|Win32
		{8B60E6A1-8262-4459-9BD3-38755142DDCB}.Debug|Win32.Build.0 = Debug|Win32
		{8B60E6A1-8262-4459-9BD3-38755142DDCB}.Release|Win32.ActiveCfg = Release|Win32
		{8B60E6A1-8262-4459-9BD3-38755142DDCB}.Release|Win32.Build.0 = Release|Win32
		{5EB8822F-375D-4C7E-9F68-D72FF8BFCCD9}.Debug|Win32.ActiveCfg = Debug|Win32
		{5EB8822F-375D-4C7E-9F68-D72FF8BFCCD9}.Debug|Win32.Build.0 = Debug|Win32
		{5EB8822F-375D-4C7E-9F68-D72FF8BFCCD9}.Release|Win32.ActiveCfg = Release|Win32
		{5EB8822F-375D-4C7E-9F68-D72FF8BFCCD9}.Release|Win32.Build.0 = Release|Win32
		{1C4410EE-27F3-4FC9-BD31-0C73BD7E7939}.Debug|Win32.ActiveCfg = Debug|Win32
		{1C4410EE-27F3-4FC9-BD31-0C73BD7E7939}.Debug|Win32.Build.0 = Debug|Win32
		{1C4410EE-27F3-4FC9-BD31-0C73BD7E7939}.Release|Win32.ActiveCfg = Release|Win32
		{1C4410EE-27F3-4FC9-BD31-0C73BD7E7939}.Release|Win32.Build.0 = Release|Win32
		{93AD8E65-FB3A-414D-BA0B-6E8FFDDB6CAB}.Debug|Win32.ActiveCfg = Debug|Win32
		{93AD8E65-FB3A-414D-BA0B-6E8FFDDB6CAB}.Debug|Win32.Build.0 = Debug|Win32
		{93AD8E65-FB3A-414D-BA0B-6E8FFDDB6CAB}.Release|Win32.ActiveCfg = Release|Win32
		{93AD8E65-FB3A-414D-BA0B-6E8FFDDB6CAB}.Release|Win32.Build.0 = Release|Win32
		{04D9C4B4-B762-4074-A2F7-E5FA29E55C01}.Debug|Win32.ActiveCfg = Debug|Win32
		{04D9C4B4-B762-4074-A2F7-E5FA29E55C01}.Debug|Win32.Build.0 = Debug|Win32
		{04D9C4B4-B762-4074-A2F7-E5FA29E55C01}.Release|Win32.ActiveCfg = Release|Win32
		{04D9C4B4-B762-4074-A2F7-E5FA29E55C01}.Release|Win32.Build.0 = Release|Win32
		{74EF8552-8C85-4859-B8F0-5F056C17D3A5}.Debug|Win32.ActiveCfg = Debug|Win32
		{74EF8552-8C85-4859-B8F0-5F056C17D3A5}.Debug|Win32.Build.0 = Debug|Win32
		{74EF8552-8C85-4859-B8F0-5F056C17D3A5}.Release|Win32.ActiveCfg = Release|Win32
		{74EF8552-8C85-4859-B8F0-5F056C17D3A5}.Release|Win32.Build.0 = Release|Win32
		{18B80ECB-53AE-47E1-AF11-0C994CAC2C1D}.Debug|Win32.ActiveCfg = Debug|Win32
		{18B80ECB-53AE-47E1-AF11-0C994CAC2C1D}.Debug|Win32.Build.0 = Debug|Win32
		{18B80ECB-53AE-47E1-AF11-0C994CAC2C1D}.Release|Win32.ActiveCfg = Release|Win32
		{18B80ECB-53AE-47E1-AF11-0C994CAC2C1D}.Release|Win32.Build.0 = Release|Win32
		{CD91E4F5-1AFF-476D-94BE-C9770ACFAF98}.Debug|Win32.ActiveCfg = Debug|Win32
		{CD91E4F5-1AFF-476D-94BE-C9770ACFAF98}.Debug|Win32.Build.0 = Debug|Win32
		{CD91E4F5-1AFF-476D-94BE-C9770ACFAF98}.Release|Win32.ActiveCfg = Release|Win32
		{CD91E4F5-1AFF-476D-94BE-C9770ACFAF98}.Release|Win32.Build.0 = Release|Win32
		{1E5779FC-265E-4331-AAAD-79AAFD688DA4}.Debug|Win32.ActiveCfg = Debug|Win32
		{1E5779FC-265E-4331-AAAD-79AAFD688DA4}.Debug|Win32.Build.0 = Debug|Win32
		{1E5779FC-265E-4331-AAAD-79AAFD688DA4}.Release|Win32.ActiveCfg = Release|Win32
		{1E5779FC-265E-4331-AAAD-79AAFD688DA4}.Release|Win32.Build.0 = Release|Win32
		{6276A121-5951-40D4-B2ED-0325573E8055}.Debug|Win32.ActiveCfg = Debug|Win32
		{6276A121-5951-40D4-B2ED-0325573E8055}.Debug|Win32.Build.0 = Debug|Win32
		{6276A121-5951-40D4-B2ED-0325573E8055}.Release|Win32.ActiveCfg = Release|Win32
		{6276A121-5951-40D4-B2ED-0325573E8055}.Release|Win32.Build.0 = Release|Win32
		{34CE6C9A-C82E-42D0-9801-880587FE5A01}.Debug|Win32.ActiveCfg = Debug|Win32
		{34CE6C9A-C82E-42D0-9801-880587FE5A01}.Debug|Win32.Build.0 = Debug|Win32
		{34CE6C9A-C82E-42D0-9801-880587FE5A01}.Release|Win32.ActiveCfg = Release|Win32
		{34CE6C9A-C82E-42D0-9801-880587FE5A01}.Release|Win32.Build.0 = Release|Win32
		{7414B8CB-20BE-462D-A5AB-F789227EF8B8}.Debug|Win32.ActiveCfg = Debug|Win32
		{7414B8CB-20BE-462D-A5AB-F789227EF8B8}.Debug|Win32.Build.0 = Debug|Win32
		{7414B8CB-20BE-462D-A5AB-F789227EF8B8}.Release|Win32.ActiveCfg = Release|Win32
		{7414B8CB-20BE-462D-A5AB-F789227EF8B8}.Release|Win32.Build.0 = Release|Win32
		{E2C788F7-5D94-4A28-A68E-0DD48D5C35B6}.Debug|Win32.ActiveCfg = Debug|Win32
		{E2C788F7-5D94-4A28-A68E-0DD48D5C35B6}.Debug|Win32.Build.0 = Debug|Win32
		{E2C788F7-5D94-4A28-A68E-0DD48D5C35B6}.Release|Win32.ActiveCfg = Release|Win32
		{E2C788F7-5D94-4A28-A68E-0DD48D5C35B6}.Release|Win32.Build.0 = Release|Win32
		{0593B188-284E-4657-BA15-4BC703673F8F}.Debug|Win32.ActiveCfg = Debug|Win32
		{0593B188-284E-4657-BA15-4BC703673F8F}.Debug|Win32.Build.0 = Debug|Win32
		{0593B188-284E-4657-BA15-4BC703673F8F}.Release|Win32.ActiveCfg = Release|Win32
		{0593B188-284E-4657-BA15-4BC703673F8F}.Release|Win32.Build.0 = Release|Win32
	EndGlobalSection
	GlobalSection(SolutionProperties) = preSolution
		HideSolutionNode = FALSE
	EndGlobalSection
	GlobalSection(NestedProjects) = preSolution
		{74EF8552-8C85-4859-B8F0-5F056C17D3A5} = {34E68FF1-ABDC-4E3F-BFAB-E198B399E009}
		{18B80ECB-53AE-47E1-AF11-0C994CAC2C1D} = {34E68FF1-ABDC-4E3F-BFAB-E198B399E009}
		{CD91E4F5-1AFF-476D-94BE-C9770ACFAF98} = {34E68FF1-ABDC-4E3F-BFAB-E198B399E009}
		{1E5779FC-265E-4331-AAAD-79AAFD688DA4} = {34E68FF1-ABDC-4E3F-BFAB-E198B399E009}
		{6276A121-5951-40D4-B2ED-0325573E8055} = {34E68FF1-ABDC-4E3F-BFAB-E198B399E009}
		{E2C788F7-5D94-4A28-A68E-0DD48D5C35B6} = {34E68FF1-ABDC-4E3F-BFAB-E198B399E009}
		{93AD8E65-FB3A-414D-BA0B-6E8FFDDB6CAB} = {34E68FF1-ABDC-4E3F-BFAB-E198B399E009}
		{0593B188-284E-4657-BA15-4BC703673F8F} = {34E68FF1-ABDC-4E3F-BFAB-E198B399E009}
		{34CE6C9A-C82E-42D0-9801-880587FE5A01} = {3F41344B-8593-4E95-BAD2-3D7807CACC8B}
		{7414B8CB-20BE-462D-A5AB-F789227EF8B8} = {3F41344B-8593-4E95-BAD2-3D7807CACC8B}
		{04D9C4B4-B762-4074-A2F7-E5FA29E55C01} = {3F41344B-8593-4E95-BAD2-3D7807CACC8B}
	EndGlobalSection
EndGlobal
