Microsoft Visual Studio Solution File, Format Version 12.00
# Visual Studio 15
VisualStudioVersion = 15.0.27130.2020
MinimumVisualStudioVersion = 10.0.40219.1
Project("{2150E333-8FDC-42A3-9474-1A3956D46DE8}") = "MedusaEngine", "MedusaEngine", "{34E68FF1-ABDC-4E3F-BFAB-E198B399E009}"
EndProject
Project("{2150E333-8FDC-42A3-9474-1A3956D46DE8}") = "DarkSpace", "DarkSpace", "{3F41344B-8593-4E95-BAD2-3D7807CACC8B}"
EndProject
Project("{8BC9CEB8-8B4A-11D0-8D11-00A0C91BC942}") = "Bin", "Bin\Bin.vcproj", "{0B1D378C-4DA6-4283-9279-87E7D43CF3F4}"
	ProjectSection(ProjectDependencies) = postProject
		{E92FE303-0D73-4379-AC9D-F33CB08BFA4A} = {E92FE303-0D73-4379-AC9D-F33CB08BFA4A}
		{5EB8822F-375D-4C7E-9F68-D72FF8BFCCD9} = {5EB8822F-375D-4C7E-9F68-D72FF8BFCCD9}
		{6DFD2A35-D0AB-4C07-83E1-60FDF18BC864} = {6DFD2A35-D0AB-4C07-83E1-60FDF18BC864}
		{AA153E4F-6DFD-49BA-93C3-DEE541DB3776} = {AA153E4F-6DFD-49BA-93C3-DEE541DB3776}
		{74EF8552-8C85-4859-B8F0-5F056C17D3A5} = {74EF8552-8C85-4859-B8F0-5F056C17D3A5}
		{93AD8E65-FB3A-414D-BA0B-6E8FFDDB6CAB} = {93AD8E65-FB3A-414D-BA0B-6E8FFDDB6CAB}
		{4F2F0377-158D-4252-81B2-623E2E0C9900} = {4F2F0377-158D-4252-81B2-623E2E0C9900}
		{5399E492-5711-4B2B-8F8C-61F399CCB386} = {5399E492-5711-4B2B-8F8C-61F399CCB386}
		{34CE6C9A-C82E-42D0-9801-880587FE5A01} = {34CE6C9A-C82E-42D0-9801-880587FE5A01}
		{FB696F9D-D66B-4C24-ADA2-711DAF13AC11} = {FB696F9D-D66B-4C24-ADA2-711DAF13AC11}
		{8B60E6A1-8262-4459-9BD3-38755142DDCB} = {8B60E6A1-8262-4459-9BD3-38755142DDCB}
		{04D9C4B4-B762-4074-A2F7-E5FA29E55C01} = {04D9C4B4-B762-4074-A2F7-E5FA29E55C01}
		{18B80ECB-53AE-47E1-AF11-0C994CAC2C1D} = {18B80ECB-53AE-47E1-AF11-0C994CAC2C1D}
		{7414B8CB-20BE-462D-A5AB-F789227EF8B8} = {7414B8CB-20BE-462D-A5AB-F789227EF8B8}
		{0B7C07D4-2222-4814-B8ED-1243EF1250AD} = {0B7C07D4-2222-4814-B8ED-1243EF1250AD}
		{5A9D61DF-335A-4A90-B19A-FA07916921EB} = {5A9D61DF-335A-4A90-B19A-FA07916921EB}
		{1C4410EE-27F3-4FC9-BD31-0C73BD7E7939} = {1C4410EE-27F3-4FC9-BD31-0C73BD7E7939}
		{CD91E4F5-1AFF-476D-94BE-C9770ACFAF98} = {CD91E4F5-1AFF-476D-94BE-C9770ACFAF98}
		{1E5779FC-265E-4331-AAAD-79AAFD688DA4} = {1E5779FC-265E-4331-AAAD-79AAFD688DA4}
		{2A01AFFD-87CC-4F86-8733-CCAD9079D63B} = {2A01AFFD-87CC-4F86-8733-CCAD9079D63B}
		{08DB19FE-7FE8-4C1C-AC4D-B130FD5AA073} = {08DB19FE-7FE8-4C1C-AC4D-B130FD5AA073}
	EndProjectSection
EndProject
Project("{8BC9CEB8-8B4A-11D0-8D11-00A0C91BC942}") = "BugReport", "BugReport\BugReport.vcxproj", "{5399E492-5711-4B2B-8F8C-61F399CCB386}"
EndProject
Project("{8BC9CEB8-8B4A-11D0-8D11-00A0C91BC942}") = "Docs", "Docs\Docs.vcxproj", "{1CC73176-2D1B-4763-90F1-39D0A2D5FE71}"
EndProject
Project("{8BC9CEB8-8B4A-11D0-8D11-00A0C91BC942}") = "NounBodyPort", "NounBodyPort\NounBodyPort.vcxproj", "{08DB19FE-7FE8-4C1C-AC4D-B130FD5AA073}"
	ProjectSection(ProjectDependencies) = postProject
		{FB696F9D-D66B-4C24-ADA2-711DAF13AC11} = {FB696F9D-D66B-4C24-ADA2-711DAF13AC11}
	EndProjectSection
EndProject
Project("{8BC9CEB8-8B4A-11D0-8D11-00A0C91BC942}") = "NounContextPort", "NounContextPort\NounContextPort.vcxproj", "{FB696F9D-D66B-4C24-ADA2-711DAF13AC11}"
	ProjectSection(ProjectDependencies) = postProject
		{E2C788F7-5D94-4A28-A68E-0DD48D5C35B6} = {E2C788F7-5D94-4A28-A68E-0DD48D5C35B6}
	EndProjectSection
EndProject
Project("{8BC9CEB8-8B4A-11D0-8D11-00A0C91BC942}") = "NounGadgetPort", "NounGadgetPort\NounGadgetPort.vcxproj", "{E92FE303-0D73-4379-AC9D-F33CB08BFA4A}"
EndProject
Project("{8BC9CEB8-8B4A-11D0-8D11-00A0C91BC942}") = "NounJumpGatePort", "NounJumpGatePort\NounJumpGatePort.vcxproj", "{0B7C07D4-2222-4814-B8ED-1243EF1250AD}"
EndProject
Project("{8BC9CEB8-8B4A-11D0-8D11-00A0C91BC942}") = "NounPlanetPort", "NounPlanetPort\NounPlanetPort.vcxproj", "{5A9D61DF-335A-4A90-B19A-FA07916921EB}"
EndProject
Project("{8BC9CEB8-8B4A-11D0-8D11-00A0C91BC942}") = "NounPort", "NounPort\NounPort.vcxproj", "{2A01AFFD-87CC-4F86-8733-CCAD9079D63B}"
	ProjectSection(ProjectDependencies) = postProject
		{A907455E-B47F-4489-9C7E-B569444CC3AB} = {A907455E-B47F-4489-9C7E-B569444CC3AB}
	EndProjectSection
EndProject
Project("{8BC9CEB8-8B4A-11D0-8D11-00A0C91BC942}") = "NounShipPort", "NounShipPort\NounShipPort.vcxproj", "{6DFD2A35-D0AB-4C07-83E1-60FDF18BC864}"
EndProject
Project("{8BC9CEB8-8B4A-11D0-8D11-00A0C91BC942}") = "NounSpawnPort", "NounSpawnPort\NounSpawnPort.vcxproj", "{AA153E4F-6DFD-49BA-93C3-DEE541DB3776}"
EndProject
Project("{8BC9CEB8-8B4A-11D0-8D11-00A0C91BC942}") = "NounStructurePort", "NounStructurePort\NounStructurePort.vcxproj", "{4F2F0377-158D-4252-81B2-623E2E0C9900}"
EndProject
Project("{8BC9CEB8-8B4A-11D0-8D11-00A0C91BC942}") = "NounTrailPort", "NounTrailPort\NounTrailPort.vcxproj", "{8B60E6A1-8262-4459-9BD3-38755142DDCB}"
EndProject
Project("{8BC9CEB8-8B4A-11D0-8D11-00A0C91BC942}") = "ShipContextPort", "ShipContextPort\ShipContextPort.vcxproj", "{5EB8822F-375D-4C7E-9F68-D72FF8BFCCD9}"
	ProjectSection(ProjectDependencies) = postProject
		{8B623ACE-B07A-4F5B-8F46-5DF1ABD0996B} = {8B623ACE-B07A-4F5B-8F46-5DF1ABD0996B}
		{2A01AFFD-87CC-4F86-8733-CCAD9079D63B} = {2A01AFFD-87CC-4F86-8733-CCAD9079D63B}
	EndProjectSection
EndProject
Project("{8BC9CEB8-8B4A-11D0-8D11-00A0C91BC942}") = "UniverseContextPort", "UniverseContextPort\UniverseContextPort.vcxproj", "{1C4410EE-27F3-4FC9-BD31-0C73BD7E7939}"
EndProject
Project("{8BC9CEB8-8B4A-11D0-8D11-00A0C91BC942}") = "Medusa", "..\..\Medusa\Medusa\Medusa.vcxproj", "{93AD8E65-FB3A-414D-BA0B-6E8FFDDB6CAB}"
EndProject
Project("{8BC9CEB8-8B4A-11D0-8D11-00A0C91BC942}") = "DarkSpace", "..\DarkSpace\DarkSpace.vcxproj", "{04D9C4B4-B762-4074-A2F7-E5FA29E55C01}"
EndProject
Project("{8BC9CEB8-8B4A-11D0-8D11-00A0C91BC942}") = "World", "..\..\medusa\World\World.vcxproj", "{74EF8552-8C85-4859-B8F0-5F056C17D3A5}"
EndProject
Project("{8BC9CEB8-8B4A-11D0-8D11-00A0C91BC942}") = "Render3D", "..\..\medusa\Render3D\Render3D.vcxproj", "{18B80ECB-53AE-47E1-AF11-0C994CAC2C1D}"
EndProject
Project("{8BC9CEB8-8B4A-11D0-8D11-00A0C91BC942}") = "GUI3D", "..\..\medusa\Gui3d\Gui3d.vcxproj", "{CD91E4F5-1AFF-476D-94BE-C9770ACFAF98}"
EndProject
Project("{8BC9CEB8-8B4A-11D0-8D11-00A0C91BC942}") = "Network", "..\..\medusa\Network\Network.vcxproj", "{1E5779FC-265E-4331-AAAD-79AAFD688DA4}"
EndProject
Project("{8BC9CEB8-8B4A-11D0-8D11-00A0C91BC942}") = "GCQ", "..\..\medusa\GCQ\GCQ.vcxproj", "{6276A121-5951-40D4-B2ED-0325573E8055}"
EndProject
Project("{8BC9CEB8-8B4A-11D0-8D11-00A0C91BC942}") = "Gadgets", "..\Gadgets\Gadgets.vcxproj", "{34CE6C9A-C82E-42D0-9801-880587FE5A01}"
EndProject
Project("{8BC9CEB8-8B4A-11D0-8D11-00A0C91BC942}") = "Interface", "..\Interface\Interface.vcxproj", "{7414B8CB-20BE-462D-A5AB-F789227EF8B8}"
EndProject
Project("{8BC9CEB8-8B4A-11D0-8D11-00A0C91BC942}") = "ResourcerDoc", "..\..\medusa\Tools\ResourcerDoc\ResourcerDoc.vcxproj", "{E2C788F7-5D94-4A28-A68E-0DD48D5C35B6}"
EndProject
Project("{8BC9CEB8-8B4A-11D0-8D11-00A0C91BC942}") = "SelfUpdate", "..\..\medusa\SelfUpdate\SelfUpdate.vcxproj", "{0593B188-284E-4657-BA15-4BC703673F8F}"
EndProject
Project("{8BC9CEB8-8B4A-11D0-8D11-00A0C91BC942}") = "ScenePort", "..\..\medusa\Tools\ScenePort\ScenePort.vcxproj", "{A907455E-B47F-4489-9C7E-B569444CC3AB}"
EndProject
Project("{8BC9CEB8-8B4A-11D0-8D11-00A0C91BC942}") = "ImagePort", "..\..\medusa\Tools\ImagePort\ImagePort.vcxproj", "{5ABE315C-55DA-4B9E-BD28-8D7FE33BA7F6}"
EndProject
Project("{8BC9CEB8-8B4A-11D0-8D11-00A0C91BC942}") = "MaterialPort", "..\..\medusa\Tools\MaterialPort\MaterialPort.vcxproj", "{030F7215-ECBB-4CFC-8F73-B406A7AC5464}"
EndProject
Project("{8BC9CEB8-8B4A-11D0-8D11-00A0C91BC942}") = "CollectionPort", "..\..\medusa\Tools\CollectionPort\CollectionPort.vcxproj", "{8B623ACE-B07A-4F5B-8F46-5DF1ABD0996B}"
EndProject
Project("{8BC9CEB8-8B4A-11D0-8D11-00A0C91BC942}") = "TextPort", "..\..\medusa\Tools\TextPort\TextPort.vcxproj", "{871E6A8F-9D1D-4981-B888-A917259F1377}"
EndProject
Global
	GlobalSection(SolutionConfigurationPlatforms) = preSolution
		Debug|Win32 = Debug|Win32
		Release|Win32 = Release|Win32
	EndGlobalSection
	GlobalSection(ProjectConfigurationPlatforms) = postSolution
		{0B1D378C-4DA6-4283-9279-87E7D43CF3F4}.Debug|Win32.ActiveCfg = Debug|Win32
		{0B1D378C-4DA6-4283-9279-87E7D43CF3F4}.Debug|Win32.Build.0 = Debug|Win32
		{0B1D378C-4DA6-4283-9279-87E7D43CF3F4}.Release|Win32.ActiveCfg = Release|Win32
		{0B1D378C-4DA6-4283-9279-87E7D43CF3F4}.Release|Win32.Build.0 = Release|Win32
		{5399E492-5711-4B2B-8F8C-61F399CCB386}.Debug|Win32.ActiveCfg = Debug|Win32
		{5399E492-5711-4B2B-8F8C-61F399CCB386}.Debug|Win32.Build.0 = Debug|Win32
		{5399E492-5711-4B2B-8F8C-61F399CCB386}.Release|Win32.ActiveCfg = Release|Win32
		{5399E492-5711-4B2B-8F8C-61F399CCB386}.Release|Win32.Build.0 = Release|Win32
		{1CC73176-2D1B-4763-90F1-39D0A2D5FE71}.Debug|Win32.ActiveCfg = Debug|Win32
		{1CC73176-2D1B-4763-90F1-39D0A2D5FE71}.Debug|Win32.Build.0 = Debug|Win32
		{1CC73176-2D1B-4763-90F1-39D0A2D5FE71}.Release|Win32.ActiveCfg = Release|Win32
		{1CC73176-2D1B-4763-90F1-39D0A2D5FE71}.Release|Win32.Build.0 = Release|Win32
		{08DB19FE-7FE8-4C1C-AC4D-B130FD5AA073}.Debug|Win32.ActiveCfg = Debug|Win32
		{08DB19FE-7FE8-4C1C-AC4D-B130FD5AA073}.Debug|Win32.Build.0 = Debug|Win32
		{08DB19FE-7FE8-4C1C-AC4D-B130FD5AA073}.Release|Win32.ActiveCfg = Release|Win32
		{08DB19FE-7FE8-4C1C-AC4D-B130FD5AA073}.Release|Win32.Build.0 = Release|Win32
		{FB696F9D-D66B-4C24-ADA2-711DAF13AC11}.Debug|Win32.ActiveCfg = Debug|Win32
		{FB696F9D-D66B-4C24-ADA2-711DAF13AC11}.Debug|Win32.Build.0 = Debug|Win32
		{FB696F9D-D66B-4C24-ADA2-711DAF13AC11}.Release|Win32.ActiveCfg = Release|Win32
		{FB696F9D-D66B-4C24-ADA2-711DAF13AC11}.Release|Win32.Build.0 = Release|Win32
		{E92FE303-0D73-4379-AC9D-F33CB08BFA4A}.Debug|Win32.ActiveCfg = Debug|Win32
		{E92FE303-0D73-4379-AC9D-F33CB08BFA4A}.Debug|Win32.Build.0 = Debug|Win32
		{E92FE303-0D73-4379-AC9D-F33CB08BFA4A}.Release|Win32.ActiveCfg = Release|Win32
		{E92FE303-0D73-4379-AC9D-F33CB08BFA4A}.Release|Win32.Build.0 = Release|Win32
		{0B7C07D4-2222-4814-B8ED-1243EF1250AD}.Debug|Win32.ActiveCfg = Debug|Win32
		{0B7C07D4-2222-4814-B8ED-1243EF1250AD}.Debug|Win32.Build.0 = Debug|Win32
		{0B7C07D4-2222-4814-B8ED-1243EF1250AD}.Release|Win32.ActiveCfg = Release|Win32
		{0B7C07D4-2222-4814-B8ED-1243EF1250AD}.Release|Win32.Build.0 = Release|Win32
		{5A9D61DF-335A-4A90-B19A-FA07916921EB}.Debug|Win32.ActiveCfg = Debug|Win32
		{5A9D61DF-335A-4A90-B19A-FA07916921EB}.Debug|Win32.Build.0 = Debug|Win32
		{5A9D61DF-335A-4A90-B19A-FA07916921EB}.Release|Win32.ActiveCfg = Release|Win32
		{5A9D61DF-335A-4A90-B19A-FA07916921EB}.Release|Win32.Build.0 = Release|Win32
		{2A01AFFD-87CC-4F86-8733-CCAD9079D63B}.Debug|Win32.ActiveCfg = Debug|Win32
		{2A01AFFD-87CC-4F86-8733-CCAD9079D63B}.Debug|Win32.Build.0 = Debug|Win32
		{2A01AFFD-87CC-4F86-8733-CCAD9079D63B}.Release|Win32.ActiveCfg = Release|Win32
		{2A01AFFD-87CC-4F86-8733-CCAD9079D63B}.Release|Win32.Build.0 = Release|Win32
		{6DFD2A35-D0AB-4C07-83E1-60FDF18BC864}.Debug|Win32.ActiveCfg = Debug|Win32
		{6DFD2A35-D0AB-4C07-83E1-60FDF18BC864}.Debug|Win32.Build.0 = Debug|Win32
		{6DFD2A35-D0AB-4C07-83E1-60FDF18BC864}.Release|Win32.ActiveCfg = Release|Win32
		{6DFD2A35-D0AB-4C07-83E1-60FDF18BC864}.Release|Win32.Build.0 = Release|Win32
		{AA153E4F-6DFD-49BA-93C3-DEE541DB3776}.Debug|Win32.ActiveCfg = Debug|Win32
		{AA153E4F-6DFD-49BA-93C3-DEE541DB3776}.Debug|Win32.Build.0 = Debug|Win32
		{AA153E4F-6DFD-49BA-93C3-DEE541DB3776}.Release|Win32.ActiveCfg = Release|Win32
		{AA153E4F-6DFD-49BA-93C3-DEE541DB3776}.Release|Win32.Build.0 = Release|Win32
		{4F2F0377-158D-4252-81B2-623E2E0C9900}.Debug|Win32.ActiveCfg = Debug|Win32
		{4F2F0377-158D-4252-81B2-623E2E0C9900}.Debug|Win32.Build.0 = Debug|Win32
		{4F2F0377-158D-4252-81B2-623E2E0C9900}.Release|Win32.ActiveCfg = Release|Win32
		{4F2F0377-158D-4252-81B2-623E2E0C9900}.Release|Win32.Build.0 = Release|Win32
		{8B60E6A1-8262-4459-9BD3-38755142DDCB}.Debug|Win32.ActiveCfg = Debug|Win32
		{8B60E6A1-8262-4459-9BD3-38755142DDCB}.Debug|Win32.Build.0 = Debug|Win32
		{8B60E6A1-8262-4459-9BD3-38755142DDCB}.Release|Win32.ActiveCfg = Release|Win32
		{8B60E6A1-8262-4459-9BD3-38755142DDCB}.Release|Win32.Build.0 = Release|Win32
		{5EB8822F-375D-4C7E-9F68-D72FF8BFCCD9}.Debug|Win32.ActiveCfg = Debug|Win32
		{5EB8822F-375D-4C7E-9F68-D72FF8BFCCD9}.Debug|Win32.Build.0 = Debug|Win32
		{5EB8822F-375D-4C7E-9F68-D72FF8BFCCD9}.Release|Win32.ActiveCfg = Release|Win32
		{5EB8822F-375D-4C7E-9F68-D72FF8BFCCD9}.Release|Win32.Build.0 = Release|Win32
		{1C4410EE-27F3-4FC9-BD31-0C73BD7E7939}.Debug|Win32.ActiveCfg = Debug|Win32
		{1C4410EE-27F3-4FC9-BD31-0C73BD7E7939}.Debug|Win32.Build.0 = Debug|Win32
		{1C4410EE-27F3-4FC9-BD31-0C73BD7E7939}.Release|Win32.ActiveCfg = Release|Win32
		{1C4410EE-27F3-4FC9-BD31-0C73BD7E7939}.Release|Win32.Build.0 = Release|Win32
		{93AD8E65-FB3A-414D-BA0B-6E8FFDDB6CAB}.Debug|Win32.ActiveCfg = Debug|Win32
		{93AD8E65-FB3A-414D-BA0B-6E8FFDDB6CAB}.Debug|Win32.Build.0 = Debug|Win32
		{93AD8E65-FB3A-414D-BA0B-6E8FFDDB6CAB}.Release|Win32.ActiveCfg = Release|Win32
		{93AD8E65-FB3A-414D-BA0B-6E8FFDDB6CAB}.Release|Win32.Build.0 = Release|Win32
		{04D9C4B4-B762-4074-A2F7-E5FA29E55C01}.Debug|Win32.ActiveCfg = Debug|Win32
		{04D9C4B4-B762-4074-A2F7-E5FA29E55C01}.Debug|Win32.Build.0 = Debug|Win32
		{04D9C4B4-B762-4074-A2F7-E5FA29E55C01}.Release|Win32.ActiveCfg = Release|Win32
		{04D9C4B4-B762-4074-A2F7-E5FA29E55C01}.Release|Win32.Build.0 = Release|Win32
		{74EF8552-8C85-4859-B8F0-5F056C17D3A5}.Debug|Win32.ActiveCfg = Debug|Win32
		{74EF8552-8C85-4859-B8F0-5F056C17D3A5}.Debug|Win32.Build.0 = Debug|Win32
		{74EF8552-8C85-4859-B8F0-5F056C17D3A5}.Release|Win32.ActiveCfg = Release|Win32
		{74EF8552-8C85-4859-B8F0-5F056C17D3A5}.Release|Win32.Build.0 = Release|Win32
		{18B80ECB-53AE-47E1-AF11-0C994CAC2C1D}.Debug|Win32.ActiveCfg = Debug|Win32
		{18B80ECB-53AE-47E1-AF11-0C994CAC2C1D}.Debug|Win32.Build.0 = Debug|Win32
		{18B80ECB-53AE-47E1-AF11-0C994CAC2C1D}.Release|Win32.ActiveCfg = Release|Win32
		{18B80ECB-53AE-47E1-AF11-0C994CAC2C1D}.Release|Win32.Build.0 = Release|Win32
		{CD91E4F5-1AFF-476D-94BE-C9770ACFAF98}.Debug|Win32.ActiveCfg = Debug|Win32
		{CD91E4F5-1AFF-476D-94BE-C9770ACFAF98}.Debug|Win32.Build.0 = Debug|Win32
		{CD91E4F5-1AFF-476D-94BE-C9770ACFAF98}.Release|Win32.ActiveCfg = Release|Win32
		{CD91E4F5-1AFF-476D-94BE-C9770ACFAF98}.Release|Win32.Build.0 = Release|Win32
		{1E5779FC-265E-4331-AAAD-79AAFD688DA4}.Debug|Win32.ActiveCfg = Debug|Win32
		{1E5779FC-265E-4331-AAAD-79AAFD688DA4}.Debug|Win32.Build.0 = Debug|Win32
		{1E5779FC-265E-4331-AAAD-79AAFD688DA4}.Release|Win32.ActiveCfg = Release|Win32
		{1E5779FC-265E-4331-AAAD-79AAFD688DA4}.Release|Win32.Build.0 = Release|Win32
		{6276A121-5951-40D4-B2ED-0325573E8055}.Debug|Win32.ActiveCfg = Debug|Win32
		{6276A121-5951-40D4-B2ED-0325573E8055}.Debug|Win32.Build.0 = Debug|Win32
		{6276A121-5951-40D4-B2ED-0325573E8055}.Release|Win32.ActiveCfg = Release|Win32
		{6276A121-5951-40D4-B2ED-0325573E8055}.Release|Win32.Build.0 = Release|Win32
		{34CE6C9A-C82E-42D0-9801-880587FE5A01}.Debug|Win32.ActiveCfg = Debug|Win32
		{34CE6C9A-C82E-42D0-9801-880587FE5A01}.Debug|Win32.Build.0 = Debug|Win32
		{34CE6C9A-C82E-42D0-9801-880587FE5A01}.Release|Win32.ActiveCfg = Release|Win32
		{34CE6C9A-C82E-42D0-9801-880587FE5A01}.Release|Win32.Build.0 = Release|Win32
		{7414B8CB-20BE-462D-A5AB-F789227EF8B8}.Debug|Win32.ActiveCfg = Debug|Win32
		{7414B8CB-20BE-462D-A5AB-F789227EF8B8}.Debug|Win32.Build.0 = Debug|Win32
		{7414B8CB-20BE-462D-A5AB-F789227EF8B8}.Release|Win32.ActiveCfg = Release|Win32
		{7414B8CB-20BE-462D-A5AB-F789227EF8B8}.Release|Win32.Build.0 = Release|Win32
		{E2C788F7-5D94-4A28-A68E-0DD48D5C35B6}.Debug|Win32.ActiveCfg = Debug|Win32
		{E2C788F7-5D94-4A28-A68E-0DD48D5C35B6}.Debug|Win32.Build.0 = Debug|Win32
		{E2C788F7-5D94-4A28-A68E-0DD48D5C35B6}.Release|Win32.ActiveCfg = Release|Win32
		{E2C788F7-5D94-4A28-A68E-0DD48D5C35B6}.Release|Win32.Build.0 = Release|Win32
		{0593B188-284E-4657-BA15-4BC703673F8F}.Debug|Win32.ActiveCfg = Debug|Win32
		{0593B188-284E-4657-BA15-4BC703673F8F}.Debug|Win32.Build.0 = Debug|Win32
		{0593B188-284E-4657-BA15-4BC703673F8F}.Release|Win32.ActiveCfg = Release|Win32
		{0593B188-284E-4657-BA15-4BC703673F8F}.Release|Win32.Build.0 = Release|Win32
		{A907455E-B47F-4489-9C7E-B569444CC3AB}.Debug|Win32.ActiveCfg = Debug|Win32
		{A907455E-B47F-4489-9C7E-B569444CC3AB}.Debug|Win32.Build.0 = Debug|Win32
		{A907455E-B47F-4489-9C7E-B569444CC3AB}.Release|Win32.ActiveCfg = Release|Win32
		{A907455E-B47F-4489-9C7E-B569444CC3AB}.Release|Win32.Build.0 = Release|Win32
		{5ABE315C-55DA-4B9E-BD28-8D7FE33BA7F6}.Debug|Win32.ActiveCfg = Debug|Win32
		{5ABE315C-55DA-4B9E-BD28-8D7FE33BA7F6}.Debug|Win32.Build.0 = Debug|Win32
		{5ABE315C-55DA-4B9E-BD28-8D7FE33BA7F6}.Release|Win32.ActiveCfg = Release|Win32
		{5ABE315C-55DA-4B9E-BD28-8D7FE33BA7F6}.Release|Win32.Build.0 = Release|Win32
		{030F7215-ECBB-4CFC-8F73-B406A7AC5464}.Debug|Win32.ActiveCfg = Debug|Win32
		{030F7215-ECBB-4CFC-8F73-B406A7AC5464}.Debug|Win32.Build.0 = Debug|Win32
		{030F7215-ECBB-4CFC-8F73-B406A7AC5464}.Release|Win32.ActiveCfg = Release|Win32
		{030F7215-ECBB-4CFC-8F73-B406A7AC5464}.Release|Win32.Build.0 = Release|Win32
		{8B623ACE-B07A-4F5B-8F46-5DF1ABD0996B}.Debug|Win32.ActiveCfg = Debug|Win32
		{8B623ACE-B07A-4F5B-8F46-5DF1ABD0996B}.Debug|Win32.Build.0 = Debug|Win32
		{8B623ACE-B07A-4F5B-8F46-5DF1ABD0996B}.Release|Win32.ActiveCfg = Release|Win32
		{8B623ACE-B07A-4F5B-8F46-5DF1ABD0996B}.Release|Win32.Build.0 = Release|Win32
		{871E6A8F-9D1D-4981-B888-A917259F1377}.Debug|Win32.ActiveCfg = Debug|Win32
		{871E6A8F-9D1D-4981-B888-A917259F1377}.Debug|Win32.Build.0 = Debug|Win32
		{871E6A8F-9D1D-4981-B888-A917259F1377}.Release|Win32.ActiveCfg = Release|Win32
		{871E6A8F-9D1D-4981-B888-A917259F1377}.Release|Win32.Build.0 = Release|Win32
	EndGlobalSection
	GlobalSection(SolutionProperties) = preSolution
		HideSolutionNode = FALSE
	EndGlobalSection
	GlobalSection(NestedProjects) = preSolution
		{93AD8E65-FB3A-414D-BA0B-6E8FFDDB6CAB} = {34E68FF1-ABDC-4E3F-BFAB-E198B399E009}
		{04D9C4B4-B762-4074-A2F7-E5FA29E55C01} = {3F41344B-8593-4E95-BAD2-3D7807CACC8B}
		{74EF8552-8C85-4859-B8F0-5F056C17D3A5} = {34E68FF1-ABDC-4E3F-BFAB-E198B399E009}
		{18B80ECB-53AE-47E1-AF11-0C994CAC2C1D} = {34E68FF1-ABDC-4E3F-BFAB-E198B399E009}
		{CD91E4F5-1AFF-476D-94BE-C9770ACFAF98} = {34E68FF1-ABDC-4E3F-BFAB-E198B399E009}
		{1E5779FC-265E-4331-AAAD-79AAFD688DA4} = {34E68FF1-ABDC-4E3F-BFAB-E198B399E009}
		{6276A121-5951-40D4-B2ED-0325573E8055} = {34E68FF1-ABDC-4E3F-BFAB-E198B399E009}
		{34CE6C9A-C82E-42D0-9801-880587FE5A01} = {3F41344B-8593-4E95-BAD2-3D7807CACC8B}
		{7414B8CB-20BE-462D-A5AB-F789227EF8B8} = {3F41344B-8593-4E95-BAD2-3D7807CACC8B}
		{E2C788F7-5D94-4A28-A68E-0DD48D5C35B6} = {34E68FF1-ABDC-4E3F-BFAB-E198B399E009}
		{0593B188-284E-4657-BA15-4BC703673F8F} = {34E68FF1-ABDC-4E3F-BFAB-E198B399E009}
		{A907455E-B47F-4489-9C7E-B569444CC3AB} = {34E68FF1-ABDC-4E3F-BFAB-E198B399E009}
		{5ABE315C-55DA-4B9E-BD28-8D7FE33BA7F6} = {34E68FF1-ABDC-4E3F-BFAB-E198B399E009}
		{030F7215-ECBB-4CFC-8F73-B406A7AC5464} = {34E68FF1-ABDC-4E3F-BFAB-E198B399E009}
		{8B623ACE-B07A-4F5B-8F46-5DF1ABD0996B} = {34E68FF1-ABDC-4E3F-BFAB-E198B399E009}
		{871E6A8F-9D1D-4981-B888-A917259F1377} = {34E68FF1-ABDC-4E3F-BFAB-E198B399E009}
	EndGlobalSection
	GlobalSection(ExtensibilityGlobals) = postSolution
		SolutionGuid = {CF356A05-3A89-4BD0-901D-717D9B9BA2B5}
	EndGlobalSection
EndGlobal
